{"format_version":"1.0","provider_schemas":{"registry.terraform.io/spacelift-io/spacelift":{"provider":{"version":0,"block":{"attributes":{"api_key_endpoint":{"type":"string","description":"Endpoint to use when authenticating with an API key outside of Spacelift","description_kind":"plain","optional":true},"api_key_id":{"type":"string","description":"ID of the API key to use when executing outside of Spacelift","description_kind":"plain","optional":true},"api_key_secret":{"type":"string","description":"API key secret to use when executing outside of Spacelift","description_kind":"plain","optional":true,"sensitive":true},"api_token":{"type":"string","description":"Spacelift token generated by a run, only useful from within Spacelift","description_kind":"plain","optional":true,"sensitive":true}},"description_kind":"plain"}},"resource_schemas":{"spacelift_audit_trail_webhook":{"version":0,"block":{"attributes":{"custom_headers":{"type":["map","string"],"description":"`custom_headers` is a Map of key-value strings, that will be passed as headers with audit trail requests.","description_kind":"plain","optional":true},"enabled":{"type":"bool","description":"`enabled` determines whether the webhook is enabled. If it is not, Spacelift will not send any requests to the endpoint.","description_kind":"plain","required":true},"endpoint":{"type":"string","description":"`endpoint` is the URL to which Spacelift will send POST requests about audit events.","description_kind":"plain","required":true},"id":{"type":"string","description_kind":"plain","optional":true,"computed":true},"include_runs":{"type":"bool","description":"`include_runs` determines whether the webhook should include information about the run that triggered the event.","description_kind":"plain","optional":true},"secret":{"type":"string","description":"`secret` is a secret that Spacelift will send with the request. Note that once it's created, it will be just an empty string in the state due to security reasons.","description_kind":"plain","required":true,"sensitive":true}},"description":"`spacelift_audit_trail_webhook` represents a webhook endpoint to which Spacelift sends POST requests about audit events.","description_kind":"plain"}},"spacelift_aws_integration":{"version":0,"block":{"attributes":{"duration_seconds":{"type":"number","description":"Duration in seconds for which the assumed role credentials should be valid. Defaults to `900`.","description_kind":"plain","optional":true},"external_id":{"type":"string","description":"Custom external ID (works only for private workers).","description_kind":"plain","optional":true},"generate_credentials_in_worker":{"type":"bool","description":"Generate AWS credentials in the private worker. Defaults to `false`.","description_kind":"plain","optional":true},"id":{"type":"string","description_kind":"plain","optional":true,"computed":true},"labels":{"type":["set","string"],"description":"Labels to set on the integration","description_kind":"plain","optional":true},"name":{"type":"string","description":"The friendly name of the integration","description_kind":"plain","required":true},"region":{"type":"string","description":"AWS region to select a regional AWS STS endpoint.","description_kind":"plain","optional":true},"role_arn":{"type":"string","description":"ARN of the AWS IAM role to attach","description_kind":"plain","required":true},"space_id":{"type":"string","description":"ID (slug) of the space the integration is in","description_kind":"plain","optional":true,"computed":true}},"description":"`spacelift_aws_integration` represents an integration with an AWS account. This integration is account-level and needs to be explicitly attached to individual stacks in order to take effect.\n\nNote: when assuming credentials for **shared workers**, Spacelift will use `$accountName@$integrationID@$stackID@$suffix` or `$accountName@$integrationID@$moduleID@$suffix` as [external ID](https://docs.aws.amazon.com/IAM/latest/UserGuide/id_roles_create_for-user_externalid.html) and `$runID@$stackID@$accountName` truncated to 64 characters as [session ID](https://docs.aws.amazon.com/STS/latest/APIReference/API_AssumeRole),$suffix will be `read` or `write`.","description_kind":"plain"}},"spacelift_aws_integration_attachment":{"version":0,"block":{"attributes":{"attachment_id":{"type":"string","description":"Internal ID of the attachment entity","description_kind":"plain","computed":true},"id":{"type":"string","description_kind":"plain","optional":true,"computed":true},"integration_id":{"type":"string","description":"ID of the integration to attach","description_kind":"plain","required":true},"module_id":{"type":"string","description":"ID of the module to attach the integration to","description_kind":"plain","optional":true},"read":{"type":"bool","description":"Indicates whether this attachment is used for read operations. Defaults to `true`.","description_kind":"plain","optional":true},"stack_id":{"type":"string","description":"ID of the stack to attach the integration to","description_kind":"plain","optional":true},"write":{"type":"bool","description":"Indicates whether this attachment is used for write operations. Defaults to `true`.","description_kind":"plain","optional":true}},"description":"`spacelift_aws_integration_attachment` represents the attachment between a reusable AWS integration and a single stack or module.","description_kind":"plain"}},"spacelift_aws_role":{"version":0,"block":{"attributes":{"duration_seconds":{"type":"number","description":"AWS IAM role session duration in seconds","description_kind":"plain","optional":true,"computed":true},"external_id":{"type":"string","description":"Custom external ID (works only for private workers).","description_kind":"plain","optional":true},"generate_credentials_in_worker":{"type":"bool","description":"Generate AWS credentials in the private worker. Defaults to `false`.","description_kind":"plain","optional":true},"id":{"type":"string","description_kind":"plain","optional":true,"computed":true},"module_id":{"type":"string","description":"ID of the module which assumes the AWS IAM role","description_kind":"plain","optional":true},"region":{"type":"string","description":"AWS region to select a regional AWS STS endpoint.","description_kind":"plain","optional":true},"role_arn":{"type":"string","description":"ARN of the AWS IAM role to attach","description_kind":"plain","required":true},"stack_id":{"type":"string","description":"ID of the stack which assumes the AWS IAM role","description_kind":"plain","optional":true}},"description":"**NOTE:** while this resource continues to work, we have replaced it with the `spacelift_aws_integration` resource. The new resource allows integrations to be shared by multiple stacks/modules and also supports separate read vs write roles. Please use the `spacelift_aws_integration` resource instead.\n\n`spacelift_aws_role` represents [cross-account IAM role delegation](https://docs.aws.amazon.com/IAM/latest/UserGuide/tutorial_cross-account-with-roles.html) between the Spacelift worker and an individual stack or module. If this is set, Spacelift will use AWS STS to assume the supplied IAM role and put its temporary credentials in the runtime environment.\n\nIf you use private workers, you can also assume IAM role on the worker side using your own AWS credentials (e.g. from EC2 instance profile).\n\nNote: when assuming credentials for **shared worker**, Spacelift will use `$accountName@$stackID` or `$accountName@$moduleID` as [external ID](https://docs.aws.amazon.com/IAM/latest/UserGuide/id_roles_create_for-user_externalid.html) and `$runID@$stackID@$accountName` truncated to 64 characters as [session ID](https://docs.aws.amazon.com/STS/latest/APIReference/API_AssumeRole).","description_kind":"plain"}},"spacelift_azure_integration":{"version":0,"block":{"attributes":{"admin_consent_provided":{"type":"bool","description":"Indicates whether admin consent has been performed for the AAD Application.","description_kind":"plain","computed":true},"admin_consent_url":{"type":"string","description":"The URL to use to provide admin consent to the application in the customer's tenant","description_kind":"plain","computed":true},"application_id":{"type":"string","description":"The applicationId of the Azure AD application used by the integration.","description_kind":"plain","computed":true},"default_subscription_id":{"type":"string","description":"The default subscription ID to use, if one isn't specified at the stack/module level","description_kind":"plain","optional":true},"display_name":{"type":"string","description":"The display name for the application in Azure. This is automatically generated when the integration is created, and cannot be changed without deleting and recreating the integration.","description_kind":"plain","computed":true},"id":{"type":"string","description_kind":"plain","optional":true,"computed":true},"labels":{"type":["set","string"],"description":"Labels to set on the integration","description_kind":"plain","optional":true},"name":{"type":"string","description":"The friendly name of the integration","description_kind":"plain","required":true},"space_id":{"type":"string","description":"ID (slug) of the space the integration is in","description_kind":"plain","optional":true,"computed":true},"tenant_id":{"type":"string","description":"The Azure AD tenant ID","description_kind":"plain","required":true}},"description":"`spacelift_azure_integration` represents an integration with an Azure AD tenant. This integration is account-level and needs to be explicitly attached to individual stacks in order to take effect. Note that you will need to provide admin consent manually for the integration to work","description_kind":"plain"}},"spacelift_azure_integration_attachment":{"version":0,"block":{"attributes":{"attachment_id":{"type":"string","description":"Internal ID of the attachment entity","description_kind":"plain","computed":true},"id":{"type":"string","description_kind":"plain","optional":true,"computed":true},"integration_id":{"type":"string","description":"ID of the integration to attach","description_kind":"plain","required":true},"module_id":{"type":"string","description":"ID of the module to attach the integration to","description_kind":"plain","optional":true},"read":{"type":"bool","description":"Indicates whether this attachment is used for read operations. Defaults to `true`.","description_kind":"plain","optional":true},"stack_id":{"type":"string","description":"ID of the stack to attach the integration to","description_kind":"plain","optional":true},"subscription_id":{"type":"string","description":"Contains the Azure subscription ID to use with this Stack.  Overrides the default subscription ID set at the integration level.","description_kind":"plain","optional":true},"write":{"type":"bool","description":"Indicates whether this attachment is used for write operations. Defaults to `true`.","description_kind":"plain","optional":true}},"description":"`spacelift_azure_integration_attachment` represents the attachment between a reusable Azure integration and a single stack or module.","description_kind":"plain"}},"spacelift_bitbucket_datacenter_integration":{"version":0,"block":{"attributes":{"access_token":{"type":"string","description":"User access token from Bitbucket","description_kind":"plain","required":true,"sensitive":true},"api_host":{"type":"string","description":"The API host where requests will be sent","description_kind":"plain","required":true},"description":{"type":"string","description":"Bitbucket Datacenter integration description","description_kind":"plain","optional":true,"computed":true},"id":{"type":"string","description":"Bitbucket Datacenter integration id.","description_kind":"plain","computed":true},"is_default":{"type":"bool","description":"Bitbucket Datacenter integration is default.","description_kind":"plain","required":true},"labels":{"type":["set","string"],"description":"Bitbucket Datacenter integration labels","description_kind":"plain","optional":true,"computed":true},"name":{"type":"string","description":"Bitbucket Datacenter integration name","description_kind":"plain","required":true},"space_id":{"type":"string","description":"Bitbucket Datacenter integration space id. Defaults to `root`.","description_kind":"plain","optional":true,"computed":true},"user_facing_host":{"type":"string","description":"User Facing Host which will be used for all user-facing URLs displayed in the Spacelift UI","description_kind":"plain","required":true},"username":{"type":"string","description":"Username which will be used to authenticate requests for cloning repositories","description_kind":"plain","required":true},"vcs_checks":{"type":"string","description":"VCS checks configured for Bitbucket Datacenter repositories. Possible values: INDIVIDUAL, AGGREGATED, ALL. Defaults to INDIVIDUAL.","description_kind":"plain","optional":true},"webhook_secret":{"type":"string","description":"Secret for webhooks originating from Bitbucket repositories","description_kind":"plain","computed":true,"sensitive":true},"webhook_url":{"type":"string","description":"URL for webhooks originating from Bitbucket repositories","description_kind":"plain","computed":true}},"description":"`spacelift_bitbucket_datacenter_integration` represents details of a bitbucket datacenter integration","description_kind":"plain"}},"spacelift_blueprint":{"version":0,"block":{"attributes":{"description":{"type":"string","description":"Description of the blueprint","description_kind":"plain","optional":true},"id":{"type":"string","description_kind":"plain","optional":true,"computed":true},"labels":{"type":["set","string"],"description":"Labels of the blueprint","description_kind":"plain","optional":true},"name":{"type":"string","description":"Name of the blueprint","description_kind":"plain","required":true},"space":{"type":"string","description":"ID of the space the blueprint is in","description_kind":"plain","required":true},"state":{"type":"string","description":"State of the blueprint. Value can be `DRAFT` or `PUBLISHED`.","description_kind":"plain","required":true},"template":{"type":"string","description":"Body of the blueprint. If `state` is set to `PUBLISHED`, this field is required.","description_kind":"plain","optional":true}},"description":"`spacelift_blueprint` represents a Spacelift blueprint, which allows you to easily create stacks using a templating engine. For Terraform users it's preferable to use `spacelift_stack` instead. This resource is mostly useful for those who do not use Terraform to create stacks.","description_kind":"plain"}},"spacelift_context":{"version":0,"block":{"attributes":{"after_apply":{"type":["list","string"],"description":"List of after-apply scripts","description_kind":"plain","optional":true},"after_destroy":{"type":["list","string"],"description":"List of after-destroy scripts","description_kind":"plain","optional":true},"after_init":{"type":["list","string"],"description":"List of after-init scripts","description_kind":"plain","optional":true},"after_perform":{"type":["list","string"],"description":"List of after-perform scripts","description_kind":"plain","optional":true},"after_plan":{"type":["list","string"],"description":"List of after-plan scripts","description_kind":"plain","optional":true},"after_run":{"type":["list","string"],"description":"List of after-run scripts","description_kind":"plain","optional":true},"before_apply":{"type":["list","string"],"description":"List of before-apply scripts","description_kind":"plain","optional":true},"before_destroy":{"type":["list","string"],"description":"List of before-destroy scripts","description_kind":"plain","optional":true},"before_init":{"type":["list","string"],"description":"List of before-init scripts","description_kind":"plain","optional":true},"before_perform":{"type":["list","string"],"description":"List of before-perform scripts","description_kind":"plain","optional":true},"before_plan":{"type":["list","string"],"description":"List of before-plan scripts","description_kind":"plain","optional":true},"description":{"type":"string","description":"Free-form context description for users","description_kind":"plain","optional":true},"id":{"type":"string","description_kind":"plain","optional":true,"computed":true},"labels":{"type":["set","string"],"description":"The labels of the context. To leverage the `autoattach` magic label, ensure your label follows the naming convention: `autoattach:\u003cyour-label-name\u003e`","description_kind":"plain","optional":true},"name":{"type":"string","description":"Name of the context - should be unique in one account","description_kind":"plain","required":true},"space_id":{"type":"string","description":"ID (slug) of the space the context is in","description_kind":"plain","optional":true,"computed":true}},"description":"`spacelift_context` represents a Spacelift **context** - a collection of configuration elements (either environment variables or mounted files) that can be administratively attached to multiple stacks (`spacelift_stack`) or modules (`spacelift_module`) using a context attachment (`spacelift_context_attachment`)`","description_kind":"plain"}},"spacelift_context_attachment":{"version":0,"block":{"attributes":{"context_id":{"type":"string","description":"ID of the context to attach","description_kind":"plain","required":true},"id":{"type":"string","description_kind":"plain","optional":true,"computed":true},"module_id":{"type":"string","description":"ID of the module to attach the context to","description_kind":"plain","optional":true},"priority":{"type":"number","description":"Priority of the context attachment. All the contexts attached to a stack are sorted by priority (lowest first), though values don't need to be unique. This ordering establishes precedence rules between contexts should there be a conflict and multiple contexts define the same value. Defaults to `0`.","description_kind":"plain","optional":true},"stack_id":{"type":"string","description":"ID of the stack to attach the context to","description_kind":"plain","optional":true}},"description":"`spacelift_context_attachment` represents a Spacelift attachment of a single context to a single stack or module, with a predefined priority.","description_kind":"plain"}},"spacelift_drift_detection":{"version":0,"block":{"attributes":{"id":{"type":"string","description_kind":"plain","optional":true,"computed":true},"ignore_state":{"type":"bool","description":"Controls whether drift detection should be performed on a stack in any final state instead of just 'Finished'.","description_kind":"plain","optional":true},"reconcile":{"type":"bool","description":"Whether a tracked run should be triggered when drift is detected.","description_kind":"plain","optional":true},"schedule":{"type":["list","string"],"description":"List of cron schedule expressions based on which drift detection should be triggered.","description_kind":"plain","required":true},"stack_id":{"type":"string","description":"ID of the stack for which to set up drift detection","description_kind":"plain","required":true},"timezone":{"type":"string","description":"Timezone in which the schedule is expressed. Defaults to `UTC`.","description_kind":"plain","optional":true}},"description":"`spacelift_drift_detection` represents a Drift Detection configuration for a Stack. It will trigger a proposed run on the given schedule, which you can listen for using run state webhooks. If reconcile is true, then a tracked run will be triggered when drift is detected.","description_kind":"plain"}},"spacelift_environment_variable":{"version":0,"block":{"attributes":{"checksum":{"type":"string","description":"SHA-256 checksum of the value","description_kind":"plain","computed":true},"context_id":{"type":"string","description":"ID of the context on which the environment variable is defined","description_kind":"plain","optional":true},"description":{"type":"string","description":"Description of the environment variable","description_kind":"plain","optional":true},"id":{"type":"string","description_kind":"plain","optional":true,"computed":true},"module_id":{"type":"string","description":"ID of the module on which the environment variable is defined","description_kind":"plain","optional":true},"name":{"type":"string","description":"Name of the environment variable","description_kind":"plain","required":true},"stack_id":{"type":"string","description":"ID of the stack on which the environment variable is defined","description_kind":"plain","optional":true},"value":{"type":"string","description":"Value of the environment variable. Defaults to an empty string.","description_kind":"plain","optional":true,"sensitive":true},"write_only":{"type":"bool","description":"Indicates whether the value is secret or not. Defaults to `true`.","description_kind":"plain","optional":true}},"description":"`spacelift_environment_variable` defines an environment variable on the context (`spacelift_context`), stack (`spacelift_stack`) or a module (`spacelift_module`), thereby allowing to pass and share various secrets and configuration with Spacelift stacks.","description_kind":"plain"}},"spacelift_gcp_service_account":{"version":0,"block":{"attributes":{"id":{"type":"string","description_kind":"plain","optional":true,"computed":true},"module_id":{"type":"string","description":"ID of the module which uses GCP service account credentials","description_kind":"plain","optional":true},"service_account_email":{"type":"string","description":"Email address of the GCP service account dedicated for this stack","description_kind":"plain","computed":true},"stack_id":{"type":"string","description":"ID of the stack which uses GCP service account credentials","description_kind":"plain","optional":true},"token_scopes":{"type":["set","string"],"description":"List of scopes that will be requested when generating temporary GCP service account credentials","description_kind":"plain","required":true}},"description":"`spacelift_gcp_service_account` represents a Google Cloud Platform service account that's linked to a particular Stack or Module. These accounts are created by Spacelift on per-stack basis, and can be added as members to as many organizations and projects as needed. During a Run or a Task, temporary credentials for those service accounts are injected into the environment, which allows credential-less GCP Terraform provider setup.","description_kind":"plain"}},"spacelift_gitlab_integration":{"version":0,"block":{"attributes":{"api_host":{"type":"string","description":"API host URL","description_kind":"plain","required":true},"description":{"type":"string","description":"Description of the integration","description_kind":"plain","optional":true},"id":{"type":"string","description":"GitLab integration id.","description_kind":"plain","computed":true},"is_default":{"type":"bool","description":"Is the GitLab integration the default for all spaces? If set to `true` the space must be set to `root` in `space_id` or left empty which uses the default","description_kind":"plain","optional":true},"labels":{"type":["set","string"],"description":"Labels to set on the integration","description_kind":"plain","optional":true},"name":{"type":"string","description":"The friendly name of the integration","description_kind":"plain","required":true},"private_token":{"type":"string","description":"The GitLab API Token","description_kind":"plain","required":true,"sensitive":true},"space_id":{"type":"string","description":"ID (slug) of the space the integration is in; Default: `root`","description_kind":"plain","optional":true},"user_facing_host":{"type":"string","description":"User facing host URL.","description_kind":"plain","required":true},"vcs_checks":{"type":"string","description":"VCS checks configured for GitLab repositories. Possible values: INDIVIDUAL, AGGREGATED, ALL. Defaults to INDIVIDUAL.","description_kind":"plain","optional":true},"webhook_secret":{"type":"string","description":"Secret for webhooks originating from GitLab repositories","description_kind":"plain","computed":true,"sensitive":true},"webhook_url":{"type":"string","description":"URL for webhooks originating from GitLab repositories","description_kind":"plain","computed":true}},"description":"`spacelift_gitlab_integration` represents an integration with a GitLab instance","description_kind":"plain"}},"spacelift_idp_group_mapping":{"version":0,"block":{"attributes":{"description":{"type":"string","description":"Description of the user group","description_kind":"plain","optional":true},"id":{"type":"string","description_kind":"plain","optional":true,"computed":true},"name":{"type":"string","description":"Name of the user group - should be unique in one account","description_kind":"plain","required":true}},"block_types":{"policy":{"nesting_mode":"set","block":{"attributes":{"role":{"type":"string","description":"Type of access to the space. Possible values are: READ, WRITE, ADMIN","description_kind":"plain","required":true},"space_id":{"type":"string","description":"ID (slug) of the space the user group has access to","description_kind":"plain","required":true}},"description_kind":"plain"},"min_items":1}},"description":"`spacelift_idp_group_mapping` represents a mapping (binding) between a user group (as provided by IdP) and a Spacelift User Management Policy. If you assign permissions (a Policy) to a user group, all users in the group will have those permissions unless the user's permissions are higher than the group's permissions.","description_kind":"plain"}},"spacelift_module":{"version":0,"block":{"attributes":{"administrative":{"type":"bool","description":"Indicates whether this module can manage others. Defaults to `false`.","description_kind":"plain","optional":true},"aws_assume_role_policy_statement":{"type":"string","description":"AWS IAM assume role policy statement setting up trust relationship","description_kind":"plain","computed":true},"branch":{"type":"string","description":"GitHub branch to apply changes to","description_kind":"plain","required":true},"description":{"type":"string","description":"Free-form module description for users","description_kind":"plain","optional":true},"enable_local_preview":{"type":"bool","description":"Indicates whether local preview versions can be triggered on this Module. Defaults to `false`.","description_kind":"plain","optional":true},"id":{"type":"string","description_kind":"plain","optional":true,"computed":true},"labels":{"type":["set","string"],"description_kind":"plain","optional":true},"name":{"type":"string","description":"The module name will by default be inferred from the repository name if it follows the terraform-provider-name naming convention. However, if the repository doesn't follow this convention, or you want to give it a custom name, you can provide it here.","description_kind":"plain","optional":true,"computed":true},"project_root":{"type":"string","description":"Project root is the optional directory relative to the repository root containing the module source code.","description_kind":"plain","optional":true},"protect_from_deletion":{"type":"bool","description":"Protect this module from accidental deletion. If set, attempts to delete this module will fail. Defaults to `false`.","description_kind":"plain","optional":true},"public":{"type":"bool","description":"Make this module publicly accessible. Can only be set at creation time. Defaults to `false`.","description_kind":"plain","optional":true},"repository":{"type":"string","description":"Name of the repository, without the owner part","description_kind":"plain","required":true},"shared_accounts":{"type":["set","string"],"description":"List of the accounts (subdomains) which should have access to the Module","description_kind":"plain","optional":true},"space_id":{"type":"string","description":"ID (slug) of the space the module is in","description_kind":"plain","optional":true,"computed":true},"terraform_provider":{"type":"string","description":"The module provider will by default be inferred from the repository name if it follows the terraform-provider-name naming convention. However, if the repository doesn't follow this convention, or you gave the module a custom name, you can provide the provider name here.","description_kind":"plain","optional":true,"computed":true},"worker_pool_id":{"type":"string","description":"ID of the worker pool to use. NOTE: worker_pool_id is required when using a self-hosted instance of Spacelift.","description_kind":"plain","optional":true},"workflow_tool":{"type":"string","description":"Defines the tool that will be used to execute the workflow. This can be one of `OPEN_TOFU`, `TERRAFORM_FOSS` or `CUSTOM`. Defaults to `TERRAFORM_FOSS`.","description_kind":"plain","optional":true,"computed":true}},"block_types":{"azure_devops":{"nesting_mode":"list","block":{"attributes":{"id":{"type":"string","description":"ID of the Azure Devops integration. If not specified, the default integration will be used.","description_kind":"plain","optional":true},"is_default":{"type":"bool","description":"Indicates whether this is the default Azure DevOps integration","description_kind":"plain","computed":true},"project":{"type":"string","description":"The name of the Azure DevOps project","description_kind":"plain","required":true}},"description":"Azure DevOps VCS settings","description_kind":"plain"},"max_items":1},"bitbucket_cloud":{"nesting_mode":"list","block":{"attributes":{"id":{"type":"string","description":"The ID of the Bitbucket Cloud integration. If not specified, the default integration will be used.","description_kind":"plain","optional":true},"is_default":{"type":"bool","description":"Indicates whether this is the default Bitbucket Cloud integration","description_kind":"plain","computed":true},"namespace":{"type":"string","description":"The Bitbucket project containing the repository","description_kind":"plain","required":true}},"description":"Bitbucket Cloud VCS settings","description_kind":"plain"},"max_items":1},"bitbucket_datacenter":{"nesting_mode":"list","block":{"attributes":{"id":{"type":"string","description":"The ID of the Bitbucket Datacenter integration. If not specified, the default integration will be used.","description_kind":"plain","optional":true},"is_default":{"type":"bool","description":"Indicates whether this is the default Bitbucket Datacenter integration","description_kind":"plain","computed":true},"namespace":{"type":"string","description":"The Bitbucket project containing the repository","description_kind":"plain","required":true}},"description":"Bitbucket Datacenter VCS settings","description_kind":"plain"},"max_items":1},"github_enterprise":{"nesting_mode":"list","block":{"attributes":{"id":{"type":"string","description":"The ID of the GitHub Enterprise integration. If not specified, the default integration will be used.","description_kind":"plain","optional":true},"is_default":{"type":"bool","description":"Indicates whether this is the default GitHub Enterprise integration","description_kind":"plain","computed":true},"namespace":{"type":"string","description":"The GitHub organization / user the repository belongs to","description_kind":"plain","required":true}},"description":"GitHub Enterprise (self-hosted) VCS settings","description_kind":"plain"},"max_items":1},"gitlab":{"nesting_mode":"list","block":{"attributes":{"id":{"type":"string","description":"ID of the Gitlab integration. If not specified, the default integration will be used.","description_kind":"plain","optional":true},"is_default":{"type":"bool","description":"Indicates whether this is the default GitLab integration","description_kind":"plain","computed":true},"namespace":{"type":"string","description":"The GitLab namespace containing the repository","description_kind":"plain","required":true}},"description":"GitLab VCS settings","description_kind":"plain"},"max_items":1},"raw_git":{"nesting_mode":"list","block":{"attributes":{"namespace":{"type":"string","description":"User-friendly namespace for the repository, this is for cosmetic purposes only","description_kind":"plain","required":true},"url":{"type":"string","description":"HTTPS URL of the Git repository","description_kind":"plain","required":true}},"description":"One-way VCS integration using a raw Git repository link","description_kind":"plain"},"max_items":1}},"description":"`spacelift_module` is a special type of a stack used to test and version Terraform modules.","description_kind":"plain"}},"spacelift_mounted_file":{"version":0,"block":{"attributes":{"checksum":{"type":"string","description":"SHA-256 checksum of the value","description_kind":"plain","computed":true},"content":{"type":"string","description":"Content of the mounted file encoded using Base-64","description_kind":"plain","required":true,"sensitive":true},"context_id":{"type":"string","description":"ID of the context on which the mounted file is defined","description_kind":"plain","optional":true},"description":{"type":"string","description":"Free-form description of the mounted file","description_kind":"plain","optional":true},"id":{"type":"string","description_kind":"plain","optional":true,"computed":true},"module_id":{"type":"string","description":"ID of the module on which the mounted file is defined","description_kind":"plain","optional":true},"relative_path":{"type":"string","description":"Relative path to the mounted file, without the /mnt/workspace/ prefix","description_kind":"plain","required":true},"stack_id":{"type":"string","description":"ID of the stack on which the mounted file is defined","description_kind":"plain","optional":true},"write_only":{"type":"bool","description":"Indicates whether the content can be read back outside a Run. Defaults to `true`.","description_kind":"plain","optional":true}},"description":"`spacelift_mounted_file` represents a file mounted in each Run's workspace that is part of a configuration of a context (`spacelift_context`), stack (`spacelift_stack`) or a module (`spacelift_module`). In principle, it's very similar to an environment variable (`spacelift_environment_variable`) except that the value is written to the filesystem rather than passed to the environment.","description_kind":"plain"}},"spacelift_named_webhook":{"version":0,"block":{"attributes":{"enabled":{"type":"bool","description":"enables or disables sending webhooks.","description_kind":"plain","required":true},"endpoint":{"type":"string","description":"endpoint to send the requests to","description_kind":"plain","required":true},"id":{"type":"string","description_kind":"plain","optional":true,"computed":true},"labels":{"type":["set","string"],"description":"labels for the webhook to use when referring in policies or filtering them","description_kind":"plain","optional":true},"name":{"type":"string","description":"the name for the webhook which will also be used to generate the id","description_kind":"plain","required":true},"secret":{"type":"string","description":"secret used to sign each request so you're able to verify that the request comes from us. Defaults to an empty value. Note that once it's created, it will be just an empty string in the state due to security reasons.","description_kind":"plain","optional":true,"sensitive":true},"space_id":{"type":"string","description":"ID of the space the webhook is in","description_kind":"plain","required":true}},"description":"`spacelift_named_webhook` represents a named webhook endpoint used for creating webhookswhich are referred to in Notification policies to route messages.","description_kind":"plain"}},"spacelift_named_webhook_secret_header":{"version":0,"block":{"attributes":{"id":{"type":"string","description_kind":"plain","optional":true,"computed":true},"key":{"type":"string","description":"key for the header","description_kind":"plain","required":true},"value":{"type":"string","description":"value for the header","description_kind":"plain","required":true,"sensitive":true},"webhook_id":{"type":"string","description":"ID of the stack on which the environment variable is defined","description_kind":"plain","required":true}},"description":"`spacelift_named_webhook_secret_header` represents secret key value combination used as a custom headerwhen delivering webhook requests. It depends on `spacelift_named_webhook` resource which should exist.","description_kind":"plain"}},"spacelift_policy":{"version":0,"block":{"attributes":{"body":{"type":"string","description":"Body of the policy","description_kind":"plain","required":true},"description":{"type":"string","description":"Description of the policy","description_kind":"plain","optional":true},"id":{"type":"string","description_kind":"plain","optional":true,"computed":true},"labels":{"type":["set","string"],"description_kind":"plain","optional":true},"name":{"type":"string","description":"Name of the policy - should be unique in one account","description_kind":"plain","required":true},"space_id":{"type":"string","description":"ID (slug) of the space the policy is in","description_kind":"plain","optional":true,"computed":true},"type":{"type":"string","description":"Type of the policy. Possible values are `ACCESS`, `APPROVAL`, `GIT_PUSH`, `INITIALIZATION`, `LOGIN`, `PLAN`, `TASK`, `TRIGGER` and `NOTIFICATION`. Deprecated values are `STACK_ACCESS` (use `ACCESS` instead), `TASK_RUN` (use `TASK` instead), and `TERRAFORM_PLAN` (use `PLAN` instead).","description_kind":"plain","required":true}},"description":"`spacelift_policy` represents a Spacelift **policy** - a collection of customer-defined rules that are applied by Spacelift at one of the decision points within the application.","description_kind":"plain"}},"spacelift_policy_attachment":{"version":0,"block":{"attributes":{"id":{"type":"string","description_kind":"plain","optional":true,"computed":true},"module_id":{"type":"string","description":"ID of the module to attach the policy to","description_kind":"plain","optional":true},"policy_id":{"type":"string","description":"ID of the policy to attach","description_kind":"plain","required":true},"stack_id":{"type":"string","description":"ID of the stack to attach the policy to","description_kind":"plain","optional":true}},"description":"`spacelift_policy_attachment` represents a relationship between a policy (`spacelift_policy`) and a stack (`spacelift_stack`) or module (`spacelift_module`). Each policy can only be attached to a stack/module once. `LOGIN` policies are the exception because they apply globally and not to individual stacks/modules. An attempt to attach one will fail.","description_kind":"plain"}},"spacelift_run":{"version":0,"block":{"attributes":{"commit_sha":{"type":"string","description":"The commit SHA for which to trigger a run.","description_kind":"plain","optional":true},"id":{"type":"string","description":"The ID of the triggered run.","description_kind":"plain","computed":true},"keepers":{"type":["map","string"],"description":"Arbitrary map of values that, when changed, will trigger recreation of the resource.","description_kind":"plain","optional":true},"proposed":{"type":"bool","description":"Whether the run is a proposed run. Defaults to `false`.","description_kind":"plain","optional":true},"stack_id":{"type":"string","description":"ID of the stack on which the run is to be triggered.","description_kind":"plain","required":true}},"block_types":{"timeouts":{"nesting_mode":"single","block":{"attributes":{"create":{"type":"string","description_kind":"plain","optional":true}},"description_kind":"plain"}},"wait":{"nesting_mode":"list","block":{"attributes":{"continue_on_state":{"type":["set","string"],"description":"Continue on the specified states of a finished run. If not specified, the default is `[ 'finished' ]`. You can use following states: `applying`, `canceled`, `confirmed`, `destroying`, `discarded`, `failed`, `finished`, `initializing`, `pending_review`, `performing`, `planning`, `preparing_apply`, `preparing_replan`, `preparing`, `queued`, `ready`, `replan_requested`, `skipped`, `stopped`, `unconfirmed`.","description_kind":"plain","optional":true},"continue_on_timeout":{"type":"bool","description":"Continue if run timed out, i.e. did not reach any defined end state in time. Default: `false`","description_kind":"plain","optional":true},"disabled":{"type":"bool","description":"Whether waiting for a job is disabled or not. Default: `false`","description_kind":"plain","optional":true}},"description":"Wait for the run to finish","description_kind":"plain"},"max_items":1}},"description":"`spacelift_run` allows programmatically triggering runs in response to arbitrary changes in the keepers section.","description_kind":"plain"}},"spacelift_saved_filter":{"version":0,"block":{"attributes":{"created_by":{"type":"string","description":"Login of the user who created the saved filter","description_kind":"plain","computed":true},"data":{"type":"string","description":"Data is the JSON representation of the filter data","description_kind":"plain","required":true},"id":{"type":"string","description":"Globally unique ID of the saved filter","description_kind":"plain","computed":true},"is_public":{"type":"bool","description":"Toggle whether the filter is public or not","description_kind":"plain","required":true},"name":{"type":"string","description":"Name of the saved filter","description_kind":"plain","required":true},"type":{"type":"string","description":"Type describes the type of the filter. It is used to determine which view the filter is for. Possible values are `stacks`, `blueprints`, `contexts`, `webhooks`.","description_kind":"plain","required":true}},"description":"`spacelift_saved_filter` represents a Spacelift **filter** - a collection of customer-defined criteria that are applied by Spacelift at one of the decision points within the application.","description_kind":"plain"}},"spacelift_scheduled_delete_stack":{"version":0,"block":{"attributes":{"at":{"type":"number","description":"Timestamp (unix timestamp) at which time the scheduling should happen.","description_kind":"plain","required":true},"delete_resources":{"type":"bool","description":"Indicates whether the resources of the stack should be deleted.","description_kind":"plain","optional":true},"id":{"type":"string","description_kind":"plain","optional":true,"computed":true},"schedule_id":{"type":"string","description":"ID of the schedule","description_kind":"plain","optional":true,"computed":true},"stack_id":{"type":"string","description":"ID of the stack for which to set up scheduling","description_kind":"plain","required":true}},"description":"`spacelift_scheduled_delete_stack` represents a scheduling configuration for a Stack. It will trigger a stack deletion task at the given timestamp.","description_kind":"plain"}},"spacelift_scheduled_run":{"version":0,"block":{"attributes":{"at":{"type":"number","description":"Timestamp (unix timestamp) at which time the scheduled run should happen.","description_kind":"plain","optional":true},"every":{"type":["list","string"],"description":"List of cron schedule expressions based on which the scheduled run should be triggered.","description_kind":"plain","optional":true},"id":{"type":"string","description_kind":"plain","optional":true,"computed":true},"name":{"type":"string","description":"Name of the scheduled run","description_kind":"plain","optional":true},"next_schedule":{"type":"number","description":"Timestamp (unix timestamp) of when the next run will be scheduled.","description_kind":"plain","computed":true},"schedule_id":{"type":"string","description":"ID of the schedule","description_kind":"plain","optional":true,"computed":true},"stack_id":{"type":"string","description":"ID of the stack for which to set up the scheduled run","description_kind":"plain","required":true},"timezone":{"type":"string","description":"Timezone in which the schedule is expressed. Defaults to `UTC`.","description_kind":"plain","optional":true}},"block_types":{"runtime_config":{"nesting_mode":"list","block":{"attributes":{"after_apply":{"type":["list","string"],"description":"List of after-apply scripts","description_kind":"plain","optional":true},"after_destroy":{"type":["list","string"],"description":"List of after-destroy scripts","description_kind":"plain","optional":true},"after_init":{"type":["list","string"],"description":"List of after-init scripts","description_kind":"plain","optional":true},"after_perform":{"type":["list","string"],"description":"List of after-perform scripts","description_kind":"plain","optional":true},"after_plan":{"type":["list","string"],"description":"List of after-plan scripts","description_kind":"plain","optional":true},"after_run":{"type":["list","string"],"description":"List of after-run scripts","description_kind":"plain","optional":true},"before_apply":{"type":["list","string"],"description":"List of before-apply scripts","description_kind":"plain","optional":true},"before_destroy":{"type":["list","string"],"description":"List of before-destroy scripts","description_kind":"plain","optional":true},"before_init":{"type":["list","string"],"description":"List of before-init scripts","description_kind":"plain","optional":true},"before_perform":{"type":["list","string"],"description":"List of before-perform scripts","description_kind":"plain","optional":true},"before_plan":{"type":["list","string"],"description":"List of before-plan scripts","description_kind":"plain","optional":true},"project_root":{"type":"string","description":"Project root is the optional directory relative to the workspace root containing the entrypoint to the Stack.","description_kind":"plain","optional":true},"runner_image":{"type":"string","description":"Name of the Docker image used to process Runs","description_kind":"plain","optional":true},"terraform_version":{"type":"string","description":"Terraform version to use","description_kind":"plain","computed":true},"terraform_workflow_tool":{"type":"string","description":"Defines the tool that will be used to execute the workflow. This can be one of `OPEN_TOFU`, `TERRAFORM_FOSS` or `CUSTOM`. Defaults to `TERRAFORM_FOSS`.","description_kind":"plain","computed":true}},"block_types":{"environment":{"nesting_mode":"set","block":{"attributes":{"key":{"type":"string","description":"Environment variable key","description_kind":"plain","required":true},"value":{"type":"string","description":"Environment variable value","description_kind":"plain","required":true}},"description":"Environment variables for the run","description_kind":"plain"}}},"description":"Customer provided runtime configuration for this scheduled run.","description_kind":"plain"},"max_items":1}},"description":"`spacelift_scheduled_run` represents a scheduling configuration for a Stack. It will trigger a run on the given schedule or timestamp","description_kind":"plain"}},"spacelift_scheduled_task":{"version":0,"block":{"attributes":{"at":{"type":"number","description":"Timestamp (unix timestamp) at which time the scheduled task should happen.","description_kind":"plain","optional":true},"command":{"type":"string","description":"Command that will be run.","description_kind":"plain","required":true},"every":{"type":["list","string"],"description":"List of cron schedule expressions based on which the scheduled task should be triggered.","description_kind":"plain","optional":true},"id":{"type":"string","description_kind":"plain","optional":true,"computed":true},"schedule_id":{"type":"string","description":"ID of the schedule","description_kind":"plain","optional":true,"computed":true},"stack_id":{"type":"string","description":"ID of the stack for which to set up the scheduled task","description_kind":"plain","required":true},"timezone":{"type":"string","description":"Timezone in which the schedule is expressed. Defaults to `UTC`.","description_kind":"plain","optional":true}},"description":"`spacelift_scheduled_task` represents a scheduling configuration for a Stack. It will trigger task on the given schedule or timestamp","description_kind":"plain"}},"spacelift_security_email":{"version":0,"block":{"attributes":{"email":{"type":"string","description":"Email address to which the security notifications are sent","description_kind":"plain","required":true},"id":{"type":"string","description_kind":"plain","optional":true,"computed":true}},"description":"`spacelift_security_email` represents an email address that receives notifications about security issues in Spacelift.","description_kind":"plain"}},"spacelift_space":{"version":0,"block":{"attributes":{"description":{"type":"string","description":"free-form space description for users","description_kind":"plain","optional":true},"id":{"type":"string","description_kind":"plain","optional":true,"computed":true},"inherit_entities":{"type":"bool","description":"indication whether access to this space inherits read access to entities from the parent space. Defaults to `false`.","description_kind":"plain","optional":true},"labels":{"type":["set","string"],"description":"list of labels describing a space","description_kind":"plain","optional":true},"name":{"type":"string","description":"name of the space","description_kind":"plain","required":true},"parent_space_id":{"type":"string","description":"immutable ID (slug) of parent space. Defaults to `root`.","description_kind":"plain","optional":true}},"description":"`spacelift_space` represents a Spacelift **space** - a collection of resources such as stacks, modules, policies, etc. Allows for more granular access control. Can have a parent space.\n\n**Please note:** the `spacelift_space` resource requires root Admin permissions, and can only be used by administrative stacks in the root space, or using an API key or user session that has root space access.","description_kind":"plain"}},"spacelift_stack":{"version":1,"block":{"attributes":{"additional_project_globs":{"type":["set","string"],"description":"Project globs is an optional list of paths to track changes of in addition to the project root.","description_kind":"plain","optional":true},"administrative":{"type":"bool","description":"Indicates whether this stack can manage others. Defaults to `false`.","description_kind":"plain","optional":true},"after_apply":{"type":["list","string"],"description":"List of after-apply scripts","description_kind":"plain","optional":true},"after_destroy":{"type":["list","string"],"description":"List of after-destroy scripts","description_kind":"plain","optional":true},"after_init":{"type":["list","string"],"description":"List of after-init scripts","description_kind":"plain","optional":true},"after_perform":{"type":["list","string"],"description":"List of after-perform scripts","description_kind":"plain","optional":true},"after_plan":{"type":["list","string"],"description":"List of after-plan scripts","description_kind":"plain","optional":true},"after_run":{"type":["list","string"],"description":"List of after-run scripts","description_kind":"plain","optional":true},"autodeploy":{"type":"bool","description":"Indicates whether changes to this stack can be automatically deployed. Defaults to `false`.","description_kind":"plain","optional":true},"autoretry":{"type":"bool","description":"Indicates whether obsolete proposed changes should automatically be retried. Defaults to `false`.","description_kind":"plain","optional":true},"aws_assume_role_policy_statement":{"type":"string","description":"AWS IAM assume role policy statement setting up trust relationship","description_kind":"plain","computed":true},"before_apply":{"type":["list","string"],"description":"List of before-apply scripts","description_kind":"plain","optional":true},"before_destroy":{"type":["list","string"],"description":"List of before-destroy scripts","description_kind":"plain","optional":true},"before_init":{"type":["list","string"],"description":"List of before-init scripts","description_kind":"plain","optional":true},"before_perform":{"type":["list","string"],"description":"List of before-perform scripts","description_kind":"plain","optional":true},"before_plan":{"type":["list","string"],"description":"List of before-plan scripts","description_kind":"plain","optional":true},"branch":{"type":"string","description":"Git branch to apply changes to","description_kind":"plain","required":true},"description":{"type":"string","description":"Free-form stack description for users","description_kind":"plain","optional":true},"enable_local_preview":{"type":"bool","description":"Indicates whether local preview runs can be triggered on this Stack. Defaults to `false`.","description_kind":"plain","optional":true},"enable_sensitive_outputs_upload":{"type":"bool","description":"Indicates whether sensitive outputs created by this stack can be uploaded to Spacelift to be used by Stack Dependency references. Triggered only when corresponding option is enabled on the Worker Pool used by the Stack as well. Defaults to `true`.","description_kind":"plain","optional":true},"enable_well_known_secret_masking":{"type":"bool","description":"Indicates whether well-known secret masking is enabled.","description_kind":"plain","optional":true},"github_action_deploy":{"type":"bool","description":"Indicates whether GitHub users can deploy from the Checks API. Defaults to `true`. This is called allow run promotion in the UI.","description_kind":"plain","optional":true},"id":{"type":"string","description_kind":"plain","optional":true,"computed":true},"import_state":{"type":"string","description":"State file to upload when creating a new stack","description_kind":"plain","optional":true,"sensitive":true},"import_state_file":{"type":"string","description":"Path to the state file to upload when creating a new stack","description_kind":"plain","optional":true},"labels":{"type":["set","string"],"description_kind":"plain","optional":true},"manage_state":{"type":"bool","description":"Determines if Spacelift should manage state for this stack. Defaults to `true`.","description_kind":"plain","optional":true},"name":{"type":"string","description":"Name of the stack - should be unique in one account","description_kind":"plain","required":true},"project_root":{"type":"string","description":"Project root is the optional directory relative to the workspace root containing the entrypoint to the Stack.","description_kind":"plain","optional":true},"protect_from_deletion":{"type":"bool","description":"Protect this stack from accidental deletion. If set, attempts to delete this stack will fail. Defaults to `false`.","description_kind":"plain","optional":true},"repository":{"type":"string","description":"Name of the repository, without the owner part","description_kind":"plain","required":true},"runner_image":{"type":"string","description":"Name of the Docker image used to process Runs","description_kind":"plain","optional":true},"slug":{"type":"string","description":"Allows setting the custom ID (slug) for the stack","description_kind":"plain","optional":true,"computed":true},"space_id":{"type":"string","description":"ID (slug) of the space the stack is in. Defaults to `legacy` if it exists, otherwise `root`.","description_kind":"plain","optional":true,"computed":true},"terraform_external_state_access":{"type":"bool","description":"Indicates whether you can access the Stack state file from other stacks or outside of Spacelift. Defaults to `false`.","description_kind":"plain","optional":true},"terraform_smart_sanitization":{"type":"bool","description":"Indicates whether runs on this will use terraform's sensitive value system to sanitize the outputs of Terraform state and plans in spacelift instead of sanitizing all fields. Note: Requires the terraform version to be v1.0.1 or above. Defaults to `false`.","description_kind":"plain","optional":true},"terraform_version":{"type":"string","description":"Terraform version to use","description_kind":"plain","optional":true},"terraform_workflow_tool":{"type":"string","description":"Defines the tool that will be used to execute the workflow. This can be one of `OPEN_TOFU`, `TERRAFORM_FOSS` or `CUSTOM`. Defaults to `TERRAFORM_FOSS`.","description_kind":"plain","optional":true,"computed":true},"terraform_workspace":{"type":"string","description":"Terraform workspace to select","description_kind":"plain","optional":true},"worker_pool_id":{"type":"string","description":"ID of the worker pool to use. NOTE: worker_pool_id is required when using a self-hosted instance of Spacelift.","description_kind":"plain","optional":true}},"block_types":{"ansible":{"nesting_mode":"list","block":{"attributes":{"playbook":{"type":"string","description":"The playbook Ansible should run.","description_kind":"plain","required":true}},"description":"Ansible-specific configuration. Presence means this Stack is an Ansible Stack.","description_kind":"plain"},"max_items":1},"azure_devops":{"nesting_mode":"list","block":{"attributes":{"id":{"type":"string","description":"The ID of the Azure Devops integration. If not specified, the default integration will be used.","description_kind":"plain","optional":true},"is_default":{"type":"bool","description":"Indicates whether this is the default Azure DevOps integration","description_kind":"plain","computed":true},"project":{"type":"string","description":"The name of the Azure DevOps project","description_kind":"plain","required":true}},"description":"Azure DevOps VCS settings","description_kind":"plain"},"max_items":1},"bitbucket_cloud":{"nesting_mode":"list","block":{"attributes":{"id":{"type":"string","description":"The ID of the Bitbucket Cloud integration. If not specified, the default integration will be used.","description_kind":"plain","optional":true},"is_default":{"type":"bool","description":"Indicates whether this is the default Bitbucket Cloud integration","description_kind":"plain","computed":true},"namespace":{"type":"string","description":"The Bitbucket project containing the repository","description_kind":"plain","required":true}},"description":"Bitbucket Cloud VCS settings","description_kind":"plain"},"max_items":1},"bitbucket_datacenter":{"nesting_mode":"list","block":{"attributes":{"id":{"type":"string","description":"The ID of the Bitbucket Datacenter integration. If not specified, the default integration will be used.","description_kind":"plain","optional":true},"is_default":{"type":"bool","description":"Indicates whether this is the default Bitbucket Datacenter integration","description_kind":"plain","computed":true},"namespace":{"type":"string","description":"The Bitbucket project containing the repository","description_kind":"plain","required":true}},"description":"Bitbucket Datacenter VCS settings","description_kind":"plain"},"max_items":1},"cloudformation":{"nesting_mode":"list","block":{"attributes":{"entry_template_file":{"type":"string","description":"Template file `cloudformation package` will be called on","description_kind":"plain","required":true},"region":{"type":"string","description":"AWS region to use","description_kind":"plain","required":true},"stack_name":{"type":"string","description":"CloudFormation stack name","description_kind":"plain","required":true},"template_bucket":{"type":"string","description":"S3 bucket to save CloudFormation templates to","description_kind":"plain","required":true}},"description":"CloudFormation-specific configuration. Presence means this Stack is a CloudFormation Stack.","description_kind":"plain"},"max_items":1},"github_enterprise":{"nesting_mode":"list","block":{"attributes":{"id":{"type":"string","description":"The ID of the GitHub Enterprise integration. If not specified, the default integration will be used.","description_kind":"plain","optional":true},"is_default":{"type":"bool","description":"Indicates whether this is the default GitHub Enterprise integration","description_kind":"plain","computed":true},"namespace":{"type":"string","description":"The GitHub organization / user the repository belongs to","description_kind":"plain","required":true}},"description":"VCS settings for [GitHub custom application](https://docs.spacelift.io/integrations/source-control/github#setting-up-the-custom-application)","description_kind":"plain"},"max_items":1},"gitlab":{"nesting_mode":"list","block":{"attributes":{"id":{"type":"string","description":"The ID of the Gitlab integration. If not specified, the default integration will be used.","description_kind":"plain","optional":true},"is_default":{"type":"bool","description":"Indicates whether this is the default GitLab integration","description_kind":"plain","computed":true},"namespace":{"type":"string","description":"The GitLab namespace containing the repository","description_kind":"plain","required":true}},"description":"GitLab VCS settings","description_kind":"plain"},"max_items":1},"kubernetes":{"nesting_mode":"list","block":{"attributes":{"kubectl_version":{"type":"string","description":"Kubectl version.","description_kind":"plain","optional":true,"computed":true},"kubernetes_workflow_tool":{"type":"string","description":"Defines the tool that will be used to execute the workflow. This can be one of `KUBERNETES` or `CUSTOM`. Defaults to `KUBERNETES`.","description_kind":"plain","optional":true,"computed":true},"namespace":{"type":"string","description":"Namespace of the Kubernetes cluster to run commands on. Leave empty for multi-namespace Stacks.","description_kind":"plain","optional":true}},"description":"Kubernetes-specific configuration. Presence means this Stack is a Kubernetes Stack.","description_kind":"plain"},"max_items":1},"pulumi":{"nesting_mode":"list","block":{"attributes":{"login_url":{"type":"string","description":"State backend to log into on Run initialize.","description_kind":"plain","required":true},"stack_name":{"type":"string","description":"Pulumi stack name to use with the state backend.","description_kind":"plain","required":true}},"description":"Pulumi-specific configuration. Presence means this Stack is a Pulumi Stack.","description_kind":"plain"},"max_items":1},"raw_git":{"nesting_mode":"list","block":{"attributes":{"namespace":{"type":"string","description":"User-friendly namespace for the repository, this is for cosmetic purposes only","description_kind":"plain","required":true},"url":{"type":"string","description":"HTTPS URL of the Git repository","description_kind":"plain","required":true}},"description":"One-way VCS integration using a raw Git repository link","description_kind":"plain"},"max_items":1},"showcase":{"nesting_mode":"list","block":{"attributes":{"namespace":{"type":"string","description_kind":"plain","required":true}},"description_kind":"plain"},"max_items":1},"terragrunt":{"nesting_mode":"list","block":{"attributes":{"terraform_version":{"type":"string","description":"The Terraform version. Must not be provided when tool is set to MANUALLY_PROVISIONED. Defaults to the latest available OpenTofu/Terraform version.","description_kind":"plain","optional":true,"computed":true},"terragrunt_version":{"type":"string","description":"The Terragrunt version. Defaults to the latest Terragrunt version.","description_kind":"plain","optional":true,"computed":true},"tool":{"type":"string","description":"The IaC tool used by Terragrunt. Valid values are OPEN_TOFU, TERRAFORM_FOSS or MANUALLY_PROVISIONED. Defaults to TERRAFORM_FOSS if not specified.","description_kind":"plain","optional":true,"computed":true},"use_run_all":{"type":"bool","description":"Whether to use `terragrunt run-all` instead of `terragrunt`.","description_kind":"plain","optional":true},"use_smart_sanitization":{"type":"bool","description":"Indicates whether runs on this will use Terraform's sensitive value system to sanitize the outputs of Terraform state and plans in spacelift instead of sanitizing all fields.","description_kind":"plain","optional":true}},"description":"Terragrunt-specific configuration. Presence means this Stack is an Terragrunt Stack.","description_kind":"plain"},"max_items":1}},"description":"`spacelift_stack` combines source code and configuration to create a runtime environment where resources are managed. In this way it's similar to a stack in AWS CloudFormation, or a project on generic CI/CD platforms.","description_kind":"plain"}},"spacelift_stack_activator":{"version":0,"block":{"attributes":{"enabled":{"type":"bool","description":"Enable/disable stack","description_kind":"plain","required":true},"id":{"type":"string","description_kind":"plain","optional":true,"computed":true},"stack_id":{"type":"string","description":"ID of the stack to enable/disable","description_kind":"plain","required":true}},"description":"`spacelift_stack_activator` is used to to enable/disable Spacelift Stack.","description_kind":"plain"}},"spacelift_stack_aws_role":{"version":0,"block":{"attributes":{"duration_seconds":{"type":"number","description":"AWS IAM role session duration in seconds","description_kind":"plain","optional":true,"computed":true},"external_id":{"type":"string","description":"Custom external ID (works only for private workers).","description_kind":"plain","optional":true},"generate_credentials_in_worker":{"type":"bool","description":"Generate AWS credentials in the private worker. Defaults to `false`.","description_kind":"plain","optional":true},"id":{"type":"string","description_kind":"plain","optional":true,"computed":true},"module_id":{"type":"string","description":"ID of the module which assumes the AWS IAM role","description_kind":"plain","optional":true},"region":{"type":"string","description":"AWS region to select a regional AWS STS endpoint.","description_kind":"plain","optional":true},"role_arn":{"type":"string","description":"ARN of the AWS IAM role to attach","description_kind":"plain","required":true},"stack_id":{"type":"string","description":"ID of the stack which assumes the AWS IAM role","description_kind":"plain","optional":true}},"description":"~\u003e **Note:** `spacelift_stack_aws_role` is deprecated. Please use `spacelift_aws_role` instead. The functionality is identical.\n\n**NOTE:** while this resource continues to work, we have replaced it with the `spacelift_aws_integration` resource. The new resource allows integrations to be shared by multiple stacks/modules and also supports separate read vs write roles. Please use the `spacelift_aws_integration` resource instead.\n\n`spacelift_stack_aws_role` represents [cross-account IAM role delegation](https://docs.aws.amazon.com/IAM/latest/UserGuide/tutorial_cross-account-with-roles.html) between the Spacelift worker and an individual stack or module. If this is set, Spacelift will use AWS STS to assume the supplied IAM role and put its temporary credentials in the runtime environment.\n\nIf you use private workers, you can also assume IAM role on the worker side using your own AWS credentials (e.g. from EC2 instance profile).\n\nNote: when assuming credentials for **shared worker**, Spacelift will use `$accountName@$stackID` or `$accountName@$moduleID` as [external ID](https://docs.aws.amazon.com/IAM/latest/UserGuide/id_roles_create_for-user_externalid.html) and `$runID@$stackID@$accountName` truncated to 64 characters as [session ID](https://docs.aws.amazon.com/STS/latest/APIReference/API_AssumeRole).","description_kind":"plain"}},"spacelift_stack_dependency":{"version":0,"block":{"attributes":{"depends_on_stack_id":{"type":"string","description":"immutable ID (slug) of stack to depend on.","description_kind":"plain","required":true},"id":{"type":"string","description_kind":"plain","optional":true,"computed":true},"stack_id":{"type":"string","description":"immutable ID (slug) of stack which has a dependency.","description_kind":"plain","required":true}},"description":"`spacelift_stack_dependency` represents a Spacelift **stack dependency** - a dependency between two stacks. When one stack depends on another, the tracked runs of the stack will not start until the dependent stack is successfully finished. Additionally, changes to the dependency will trigger the dependent.","description_kind":"plain"}},"spacelift_stack_dependency_reference":{"version":0,"block":{"attributes":{"id":{"type":"string","description_kind":"plain","optional":true,"computed":true},"input_name":{"type":"string","description":"Name of the input of the stack dependency reference","description_kind":"plain","required":true},"output_name":{"type":"string","description":"Name of the output of stack to depend on","description_kind":"plain","required":true},"stack_dependency_id":{"type":"string","description":"Immutable ID of stack dependency","description_kind":"plain","required":true},"trigger_always":{"type":"bool","description":"Whether the dependents should be triggered even if the value of the reference did not change.","description_kind":"plain","optional":true}},"description":"`spacelift_stack_dependency_reference` represents a Spacelift **stack dependency reference** - a reference matches a stack's output to another stack's input. It is similar to an environment variable (`spacelift_environment_variable`), except that value is provided by another stack's output.","description_kind":"plain"}},"spacelift_stack_destructor":{"version":0,"block":{"attributes":{"deactivated":{"type":"bool","description":"If set to true, destruction won't delete the stack","description_kind":"plain","optional":true},"id":{"type":"string","description_kind":"plain","optional":true,"computed":true},"stack_id":{"type":"string","description":"ID of the stack to delete and destroy on destruction","description_kind":"plain","required":true}},"block_types":{"timeouts":{"nesting_mode":"single","block":{"attributes":{"delete":{"type":"string","description_kind":"plain","optional":true}},"description_kind":"plain"}}},"description":"`spacelift_stack_destructor` is used to destroy the resources of a Stack before deleting it. `depends_on` should be used to make sure that all necessary resources (environment variables, roles, integrations, etc.) are still in place when the destruction run is executed. **Note:** Destroying this resource will delete the resources in the stack. If this resource needs to be deleted and the resources in the stacks are to be preserved, ensure that the `deactivated` attribute is set to `true`.","description_kind":"plain"}},"spacelift_stack_gcp_service_account":{"version":0,"block":{"attributes":{"id":{"type":"string","description_kind":"plain","optional":true,"computed":true},"module_id":{"type":"string","description":"ID of the module which uses GCP service account credentials","description_kind":"plain","optional":true},"service_account_email":{"type":"string","description":"Email address of the GCP service account dedicated for this stack","description_kind":"plain","computed":true},"stack_id":{"type":"string","description":"ID of the stack which uses GCP service account credentials","description_kind":"plain","optional":true},"token_scopes":{"type":["set","string"],"description":"List of scopes that will be requested when generating temporary GCP service account credentials","description_kind":"plain","required":true}},"description":"~\u003e **Note:** `spacelift_stack_gcp_service_account` is deprecated. Please use `spacelift_gcp_service_account` instead. The functionality is identical.\n\n`spacelift_stack_gcp_service_account` represents a Google Cloud Platform service account that's linked to a particular Stack or Module. These accounts are created by Spacelift on per-stack basis, and can be added as members to as many organizations and projects as needed. During a Run or a Task, temporary credentials for those service accounts are injected into the environment, which allows credential-less GCP Terraform provider setup.","description_kind":"plain"}},"spacelift_task":{"version":0,"block":{"attributes":{"command":{"type":"string","description":"Command that will be run.","description_kind":"plain","required":true},"id":{"type":"string","description_kind":"plain","optional":true,"computed":true},"init":{"type":"bool","description":"Whether to initialize the stack or not. Default: `true`","description_kind":"plain","optional":true},"keepers":{"type":["map","string"],"description":"Arbitrary map of values that, when changed, will trigger recreation of the resource.","description_kind":"plain","optional":true},"stack_id":{"type":"string","description":"ID of the stack for which to run the task","description_kind":"plain","required":true}},"block_types":{"timeouts":{"nesting_mode":"single","block":{"attributes":{"create":{"type":"string","description_kind":"plain","optional":true}},"description_kind":"plain"}},"wait":{"nesting_mode":"list","block":{"attributes":{"continue_on_state":{"type":["set","string"],"description":"Continue on the specified states of a finished run. If not specified, the default is `[ 'finished' ]`. You can use following states: `applying`, `canceled`, `confirmed`, `destroying`, `discarded`, `failed`, `finished`, `initializing`, `pending_review`, `performing`, `planning`, `preparing_apply`, `preparing_replan`, `preparing`, `queued`, `ready`, `replan_requested`, `skipped`, `stopped`, `unconfirmed`.","description_kind":"plain","optional":true},"continue_on_timeout":{"type":"bool","description":"Continue if task timed out, i.e. did not reach any defined end state in time. Default: `false`","description_kind":"plain","optional":true},"disabled":{"type":"bool","description":"Whether waiting for the task is disabled or not. Default: `false`","description_kind":"plain","optional":true}},"description":"Wait for the run to finish","description_kind":"plain"},"max_items":1}},"description":"`spacelift_task` represents a task in Spacelift.","description_kind":"plain"}},"spacelift_terraform_provider":{"version":0,"block":{"attributes":{"description":{"type":"string","description":"Free-form description for human users, supports Markdown","description_kind":"plain","optional":true},"id":{"type":"string","description_kind":"plain","optional":true,"computed":true},"labels":{"type":["set","string"],"description_kind":"plain","optional":true},"public":{"type":"bool","description":"Whether the provider is public or not, defaults to false (private)","description_kind":"plain","optional":true},"space_id":{"type":"string","description":"ID (slug) of the space the provider is in","description_kind":"plain","required":true},"type":{"type":"string","description":"Type of the provider - should be unique in one account","description_kind":"plain","required":true}},"description":"`spacelift_terraform_provider` represents a Terraform provider in Spacelift's own provider registry.","description_kind":"plain"}},"spacelift_user":{"version":0,"block":{"attributes":{"id":{"type":"string","description_kind":"plain","optional":true,"computed":true},"invitation_email":{"type":"string","description":"`invitation_email` will be used to send an invitation to the specified email address. This property is required when creating a new user. This property is optional when importing an existing user.","description_kind":"plain","optional":true},"username":{"type":"string","description":"Username of the user","description_kind":"plain","required":true}},"block_types":{"policy":{"nesting_mode":"set","block":{"attributes":{"role":{"type":"string","description":"Type of access to the space. Possible values are: READ, WRITE, ADMIN","description_kind":"plain","required":true},"space_id":{"type":"string","description":"ID (slug) of the space the user has access to","description_kind":"plain","required":true}},"description_kind":"plain"},"min_items":1}},"description":"`spacelift_user` represents a mapping between a Spacelift user (managed using an Identity Provider) and a Policy. A Policy defines what access rights the user has to a given Space.","description_kind":"plain"}},"spacelift_vcs_agent_pool":{"version":0,"block":{"attributes":{"config":{"type":"string","description":"VCS agent pool configuration, encoded using base64","description_kind":"plain","computed":true,"sensitive":true},"description":{"type":"string","description":"Free-form VCS agent pool description for users","description_kind":"plain","optional":true},"id":{"type":"string","description_kind":"plain","optional":true,"computed":true},"name":{"type":"string","description":"Name of the VCS agent pool, must be unique within an account","description_kind":"plain","required":true}},"description":"`spacelift_vcs_agent_pool` represents a Spacelift **VCS agent pool** - a logical group of proxies allowing Spacelift to access private VCS installations","description_kind":"plain"}},"spacelift_version":{"version":0,"block":{"attributes":{"commit_sha":{"type":"string","description":"The commit SHA for which to trigger a version.","description_kind":"plain","optional":true},"id":{"type":"string","description":"The ID of the triggered version.","description_kind":"plain","computed":true},"keepers":{"type":["map","string"],"description":"Arbitrary map of values that, when changed, will trigger recreation of the resource.","description_kind":"plain","optional":true},"module_id":{"type":"string","description":"ID of the module on which the version creation is to be triggered.","description_kind":"plain","required":true},"version_number":{"type":"string","description":"A semantic version number to set for the triggered version, example: 0.11.2","description_kind":"plain","optional":true}},"description":"`spacelift_version` allows to programmatically trigger a module version creation in response to arbitrary changes in the keepers section.","description_kind":"plain"}},"spacelift_webhook":{"version":0,"block":{"attributes":{"enabled":{"type":"bool","description":"enables or disables sending webhooks. Defaults to `true`.","description_kind":"plain","optional":true},"endpoint":{"type":"string","description":"endpoint to send the POST request to","description_kind":"plain","required":true},"id":{"type":"string","description_kind":"plain","optional":true,"computed":true},"module_id":{"type":"string","description":"ID of the module which triggers the webhooks","description_kind":"plain","optional":true},"secret":{"type":"string","description":"secret used to sign each POST request so you're able to verify that the request comes from us. Defaults to an empty value. Note that once it's created, it will be just an empty string in the state due to security reasons.","description_kind":"plain","optional":true,"sensitive":true},"stack_id":{"type":"string","description":"ID of the stack which triggers the webhooks","description_kind":"plain","optional":true}},"description":"`spacelift_webhook` represents a webhook endpoint to which Spacelift sends the POST request about run state changes.","description_kind":"plain"}},"spacelift_worker_pool":{"version":0,"block":{"attributes":{"config":{"type":"string","description":"credentials necessary to connect WorkerPool's workers to the control plane","description_kind":"plain","computed":true,"sensitive":true},"csr":{"type":"string","description":"certificate signing request in base64. Changing this value will trigger a token reset.","description_kind":"plain","optional":true,"computed":true,"sensitive":true},"description":{"type":"string","description":"description of the worker pool","description_kind":"plain","optional":true},"id":{"type":"string","description_kind":"plain","optional":true,"computed":true},"labels":{"type":["set","string"],"description_kind":"plain","optional":true},"name":{"type":"string","description":"name of the worker pool","description_kind":"plain","required":true},"private_key":{"type":"string","description":"private key in base64","description_kind":"plain","computed":true,"sensitive":true},"space_id":{"type":"string","description":"ID (slug) of the space the worker pool is in","description_kind":"plain","optional":true,"computed":true}},"description":"`spacelift_worker_pool` represents a worker pool assigned to the Spacelift account.","description_kind":"plain"}}},"data_source_schemas":{"spacelift_account":{"version":0,"block":{"attributes":{"aws_account_id":{"type":"string","description":"the ID of the AWS account used by Spacelift for role assumption","description_kind":"plain","computed":true},"id":{"type":"string","description_kind":"plain","optional":true,"computed":true},"name":{"type":"string","description":"name of the account","description_kind":"plain","computed":true},"tier":{"type":"string","description":"account billing tier","description_kind":"plain","computed":true}},"description":"`spacelift_account` represents the currently used Spacelift **account**","description_kind":"plain"}},"spacelift_aws_integration":{"version":0,"block":{"attributes":{"duration_seconds":{"type":"number","description":"Duration in seconds for which the assumed role credentials should be valid","description_kind":"plain","computed":true},"external_id":{"type":"string","description":"Custom external ID (works only for private workers).","description_kind":"plain","computed":true},"generate_credentials_in_worker":{"type":"bool","description":"Generate AWS credentials in the private worker","description_kind":"plain","computed":true},"id":{"type":"string","description_kind":"plain","optional":true,"computed":true},"integration_id":{"type":"string","description":"Immutable ID of the integration. Either `integration_id` or `name` must be specified.","description_kind":"plain","optional":true,"computed":true},"labels":{"type":["set","string"],"description_kind":"plain","computed":true},"name":{"type":"string","description":"Name of the AWS integration. Either `integration_id` or `name` must be specified.","description_kind":"plain","optional":true,"computed":true},"region":{"type":"string","description":"AWS region to select a regional AWS STS endpoint.","description_kind":"plain","optional":true,"computed":true},"role_arn":{"type":"string","description":"ARN of the AWS IAM role to attach","description_kind":"plain","computed":true},"space_id":{"type":"string","description":"ID (slug) of the space the integration is in","description_kind":"plain","computed":true}},"description":"`spacelift_aws_integration` represents an integration with an AWS account. This integration is account-level and needs to be explicitly attached to individual stacks in order to take effect.\n\nNote: when assuming credentials for **shared workers**, Spacelift will use `$accountName@$integrationID@$stackID@suffix` or `$accountName@$integrationID@$moduleID@$suffix` as [external ID](https://docs.aws.amazon.com/IAM/latest/UserGuide/id_roles_create_for-user_externalid.html) and `$runID@$stackID@$accountName` truncated to 64 characters as [session ID](https://docs.aws.amazon.com/STS/latest/APIReference/API_AssumeRole),$suffix will be `read` or `write`.","description_kind":"plain"}},"spacelift_aws_integration_attachment":{"version":0,"block":{"attributes":{"attachment_id":{"type":"string","description":"Internal ID of the attachment entity","description_kind":"plain","computed":true},"id":{"type":"string","description_kind":"plain","optional":true,"computed":true},"integration_id":{"type":"string","description":"ID of the integration to attach","description_kind":"plain","required":true},"module_id":{"type":"string","description":"ID of the module to attach the integration to","description_kind":"plain","optional":true},"read":{"type":"bool","description":"Indicates whether this attachment is used for read operations","description_kind":"plain","computed":true},"stack_id":{"type":"string","description":"ID of the stack to attach the integration to","description_kind":"plain","optional":true},"write":{"type":"bool","description":"Indicates whether this attachment is used for write operations","description_kind":"plain","computed":true}},"description":"`spacelift_aws_integration_attachment` represents the attachment between a reusable AWS integration and a single stack or module.","description_kind":"plain"}},"spacelift_aws_integration_attachment_external_id":{"version":0,"block":{"attributes":{"assume_role_policy_statement":{"type":"string","description":"An assume role policy statement that can be attached to your role to allow Spacelift to assume it","description_kind":"plain","computed":true},"external_id":{"type":"string","description":"The external ID that will be used during role assumption","description_kind":"plain","computed":true},"id":{"type":"string","description_kind":"plain","optional":true,"computed":true},"integration_id":{"type":"string","description":"immutable ID (slug) of the AWS integration","description_kind":"plain","required":true},"module_id":{"type":"string","description":"immutable ID (slug) of the module","description_kind":"plain","optional":true},"read":{"type":"bool","description":"whether the integration will be used for read operations","description_kind":"plain","optional":true},"stack_id":{"type":"string","description":"immutable ID (slug) of the stack","description_kind":"plain","optional":true},"write":{"type":"bool","description":"whether the integration will be used for write operations","description_kind":"plain","optional":true}},"description":"`spacelift_aws_integration_attachment_external_id` is used to generate the external ID that would be used for role assumption when an AWS integration is attached to a stack or module.","description_kind":"plain"}},"spacelift_aws_integrations":{"version":0,"block":{"attributes":{"id":{"type":"string","description_kind":"plain","optional":true,"computed":true},"integrations":{"type":["list",["object",{"duration_seconds":"number","external_id":"string","generate_credentials_in_worker":"bool","integration_id":"string","labels":["set","string"],"name":"string","region":"string","role_arn":"string","space_id":"string"}]],"description_kind":"plain","computed":true}},"description":"`spacelift_aws_integrations` represents a list of all the AWS integrations in the Spacelift account visible to the API user.","description_kind":"plain"}},"spacelift_aws_role":{"version":0,"block":{"attributes":{"duration_seconds":{"type":"number","description":"AWS IAM role session duration in seconds","description_kind":"plain","computed":true},"external_id":{"type":"string","description":"Custom external ID (works only for private workers).","description_kind":"plain","computed":true},"generate_credentials_in_worker":{"type":"bool","description":"Generate AWS credentials in the private worker","description_kind":"plain","computed":true},"id":{"type":"string","description_kind":"plain","optional":true,"computed":true},"module_id":{"type":"string","description":"ID of the module which assumes the AWS IAM role","description_kind":"plain","optional":true},"region":{"type":"string","description":"AWS region to select a regional AWS STS endpoint.","description_kind":"plain","computed":true},"role_arn":{"type":"string","description":"ARN of the AWS IAM role to attach","description_kind":"plain","computed":true},"stack_id":{"type":"string","description":"ID of the stack which assumes the AWS IAM role","description_kind":"plain","optional":true}},"description":"`spacelift_aws_role` represents [cross-account IAM role delegation](https://docs.aws.amazon.com/IAM/latest/UserGuide/tutorial_cross-account-with-roles.html) between the Spacelift worker and an individual stack or module. If this is set, Spacelift will use AWS STS to assume the supplied IAM role and put its temporary credentials in the runtime environment.\n\nIf you use private workers, you can also assume IAM role on the worker side using your own AWS credentials (e.g. from EC2 instance profile).\n\nNote: when assuming credentials for **shared worker**, Spacelift will use `$accountName@$stackID` or `$accountName@$moduleID` as [external ID](https://docs.aws.amazon.com/IAM/latest/UserGuide/id_roles_create_for-user_externalid.html) and `$runID@$stackID@$accountName` truncated to 64 characters as [session ID](https://docs.aws.amazon.com/STS/latest/APIReference/API_AssumeRole).","description_kind":"plain"}},"spacelift_azure_devops_integration":{"version":0,"block":{"attributes":{"description":{"type":"string","description":"Azure DevOps integration description","description_kind":"plain","computed":true},"id":{"type":"string","description":"Azure DevOps integration id. If not provided, the default integration will be returned","description_kind":"plain","optional":true},"is_default":{"type":"bool","description":"Azure DevOps integration is default","description_kind":"plain","computed":true},"labels":{"type":["list","string"],"description":"Azure DevOps integration labels","description_kind":"plain","computed":true},"name":{"type":"string","description":"Azure DevOps integration name","description_kind":"plain","computed":true},"organization_url":{"type":"string","description":"Azure DevOps integration organization url","description_kind":"plain","computed":true},"space_id":{"type":"string","description":"Azure DevOps integration space id","description_kind":"plain","computed":true},"vcs_checks":{"type":"string","description":"VCS checks configured for Azure DevOps repositories. Possible values: INDIVIDUAL, AGGREGATED, ALL. Defaults to INDIVIDUAL.","description_kind":"plain","computed":true},"webhook_password":{"type":"string","description":"Azure DevOps integration webhook password","description_kind":"plain","computed":true},"webhook_url":{"type":"string","description":"Azure DevOps integration webhook url","description_kind":"plain","computed":true}},"description":"`spacelift_azure_devops_integration` returns details about Azure DevOps integration","description_kind":"plain"}},"spacelift_azure_integration":{"version":0,"block":{"attributes":{"admin_consent_provided":{"type":"bool","description":"Indicates whether admin consent has been performed for the AAD Application.","description_kind":"plain","computed":true},"admin_consent_url":{"type":"string","description":"The URL to use to provide admin consent to the application in the customer's tenant","description_kind":"plain","computed":true},"application_id":{"type":"string","description":"The applicationId of the Azure AD application used by the integration.","description_kind":"plain","computed":true},"default_subscription_id":{"type":"string","description":"The default subscription ID to use, if one isn't specified at the stack/module level","description_kind":"plain","computed":true},"display_name":{"type":"string","description":"The display name for the application in Azure. This is automatically generated when the integration is created, and cannot be changed without deleting and recreating the integration.","description_kind":"plain","computed":true},"id":{"type":"string","description_kind":"plain","optional":true,"computed":true},"integration_id":{"type":"string","description":"Immutable ID of the integration. Either `integration_id` or `name` must be specified.","description_kind":"plain","optional":true,"computed":true},"labels":{"type":["set","string"],"description":"Labels to set on the integration","description_kind":"plain","computed":true},"name":{"type":"string","description":"The friendly name of the integration. Either `integration_id` or `name` must be specified.","description_kind":"plain","optional":true,"computed":true},"space_id":{"type":"string","description":"ID (slug) of the space the integration is in","description_kind":"plain","computed":true},"tenant_id":{"type":"string","description":"The Azure AD tenant ID","description_kind":"plain","computed":true}},"description":"`spacelift_azure_integration` represents an integration with an Azure AD tenant. This integration is account-level and needs to be explicitly attached to individual stacks in order to take effect. Note that you will need to provide admin consent manually for the integration to work","description_kind":"plain"}},"spacelift_azure_integration_attachment":{"version":0,"block":{"attributes":{"attachment_id":{"type":"string","description":"Internal ID of the attachment entity","description_kind":"plain","computed":true},"id":{"type":"string","description_kind":"plain","optional":true,"computed":true},"integration_id":{"type":"string","description":"ID of the integration to attach","description_kind":"plain","required":true},"module_id":{"type":"string","description":"ID of the module to attach the integration to","description_kind":"plain","optional":true},"read":{"type":"bool","description":"Indicates whether this attachment is used for read operations","description_kind":"plain","computed":true},"stack_id":{"type":"string","description":"ID of the stack to attach the integration to","description_kind":"plain","optional":true},"subscription_id":{"type":"string","description":"Contains the Azure subscription ID to use with this Stack.  Overrides the default subscription ID set at the integration level.","description_kind":"plain","computed":true},"write":{"type":"bool","description":"Indicates whether this attachment is used for write operations","description_kind":"plain","computed":true}},"description":"`spacelift_azure_integration_attachment` represents the attachment between a reusable Azure integration and a single stack or module.","description_kind":"plain"}},"spacelift_azure_integrations":{"version":0,"block":{"attributes":{"id":{"type":"string","description_kind":"plain","optional":true,"computed":true},"integrations":{"type":["list",["object",{"admin_consent_provided":"bool","admin_consent_url":"string","application_id":"string","default_subscription_id":"string","display_name":"string","integration_id":"string","labels":["set","string"],"name":"string","space_id":"string","tenant_id":"string"}]],"description_kind":"plain","computed":true}},"description":"`spacelift_azure_integrations` represents a list of all the Azure integrations in the Spacelift account visible to the API user.","description_kind":"plain"}},"spacelift_bitbucket_cloud_integration":{"version":0,"block":{"attributes":{"description":{"type":"string","description":"Bitbucket Cloud integration description","description_kind":"plain","computed":true},"id":{"type":"string","description":"Bitbucket Cloud integration id. If not provided, the default integration will be returned","description_kind":"plain","optional":true},"is_default":{"type":"bool","description":"Bitbucket Cloud integration is default","description_kind":"plain","computed":true},"labels":{"type":["list","string"],"description":"Bitbucket Cloud integration labels","description_kind":"plain","computed":true},"name":{"type":"string","description":"Bitbucket Cloud integration name","description_kind":"plain","computed":true},"space_id":{"type":"string","description":"Bitbucket Cloud integration space id","description_kind":"plain","computed":true},"username":{"type":"string","description":"Bitbucket Cloud username","description_kind":"plain","computed":true},"vcs_checks":{"type":"string","description":"VCS checks configured for Bitbucket Cloud repositories. Possible values: INDIVIDUAL, AGGREGATED, ALL. Defaults to INDIVIDUAL.","description_kind":"plain","computed":true},"webhook_url":{"type":"string","description":"Bitbucket Cloud integration webhook URL","description_kind":"plain","computed":true}},"description":"`spacelift_bitbucket_cloud_integration` returns details about Bitbucket Cloud integration","description_kind":"plain"}},"spacelift_bitbucket_datacenter_integration":{"version":0,"block":{"attributes":{"api_host":{"type":"string","description":"Bitbucket Datacenter integration api host","description_kind":"plain","computed":true},"description":{"type":"string","description":"Bitbucket Datacenter integration description","description_kind":"plain","computed":true},"id":{"type":"string","description":"Bitbucket Datacenter integration id. If not provided, the default integration will be returned","description_kind":"plain","optional":true},"is_default":{"type":"bool","description":"Bitbucket Datacenter integration is default","description_kind":"plain","computed":true},"labels":{"type":["list","string"],"description":"Bitbucket Datacenter integration labels","description_kind":"plain","computed":true},"name":{"type":"string","description":"Bitbucket Datacenter integration name","description_kind":"plain","computed":true},"space_id":{"type":"string","description":"Bitbucket Datacenter integration space id","description_kind":"plain","computed":true},"user_facing_host":{"type":"string","description":"Bitbucket Datacenter integration user facing host","description_kind":"plain","computed":true},"username":{"type":"string","description":"Username which will be used to authenticate requests for cloning repositories","description_kind":"plain","computed":true},"vcs_checks":{"type":"string","description":"VCS checks configured for Bitbucket Datacenter repositories. Possible values: INDIVIDUAL, AGGREGATED, ALL. Defaults to INDIVIDUAL.","description_kind":"plain","computed":true},"webhook_secret":{"type":"string","description":"Bitbucket Datacenter integration webhook secret","description_kind":"plain","computed":true},"webhook_url":{"type":"string","description":"Bitbucket Datacenter integration webhook URL","description_kind":"plain","computed":true}},"description":"`spacelift_bitbucket_datacenter_integration` returns details about Bitbucket Datacenter integration","description_kind":"plain"}},"spacelift_context":{"version":0,"block":{"attributes":{"after_apply":{"type":["list","string"],"description":"List of after-apply scripts","description_kind":"plain","optional":true,"computed":true},"after_destroy":{"type":["list","string"],"description":"List of after-destroy scripts","description_kind":"plain","optional":true,"computed":true},"after_init":{"type":["list","string"],"description":"List of after-init scripts","description_kind":"plain","optional":true,"computed":true},"after_perform":{"type":["list","string"],"description":"List of after-perform scripts","description_kind":"plain","optional":true,"computed":true},"after_plan":{"type":["list","string"],"description":"List of after-plan scripts","description_kind":"plain","optional":true,"computed":true},"after_run":{"type":["list","string"],"description":"List of after-run scripts","description_kind":"plain","optional":true},"before_apply":{"type":["list","string"],"description":"List of before-apply scripts","description_kind":"plain","optional":true,"computed":true},"before_destroy":{"type":["list","string"],"description":"List of before-destroy scripts","description_kind":"plain","optional":true,"computed":true},"before_init":{"type":["list","string"],"description":"List of before-init scripts","description_kind":"plain","optional":true,"computed":true},"before_perform":{"type":["list","string"],"description":"List of before-perform scripts","description_kind":"plain","optional":true,"computed":true},"before_plan":{"type":["list","string"],"description":"List of before-plan scripts","description_kind":"plain","optional":true,"computed":true},"context_id":{"type":"string","description":"immutable ID (slug) of the context","description_kind":"plain","required":true},"description":{"type":"string","description":"free-form context description for users","description_kind":"plain","computed":true},"id":{"type":"string","description_kind":"plain","optional":true,"computed":true},"labels":{"type":["set","string"],"description_kind":"plain","computed":true},"name":{"type":"string","description":"name of the context","description_kind":"plain","computed":true},"space_id":{"type":"string","description":"ID (slug) of the space the context is in","description_kind":"plain","computed":true}},"description":"`spacelift_context` represents a Spacelift **context** - a collection of configuration elements (either environment variables or mounted files) that can be administratively attached to multiple stacks (`spacelift_stack`) or modules (`spacelift_module`) using a context attachment (`spacelift_context_attachment`)`","description_kind":"plain"}},"spacelift_context_attachment":{"version":0,"block":{"attributes":{"context_id":{"type":"string","description":"ID of the attached context","description_kind":"plain","required":true},"id":{"type":"string","description_kind":"plain","optional":true,"computed":true},"module_id":{"type":"string","description":"ID of the attached module","description_kind":"plain","optional":true},"priority":{"type":"number","description":"Priority of the context attachment. All the contexts attached to a stack are sorted by priority (lowest first), though values don't need to be unique. This ordering establishes precedence rules between contexts should there be a conflict and multiple contexts define the same value.","description_kind":"plain","computed":true},"stack_id":{"type":"string","description":"ID of the attached stack","description_kind":"plain","optional":true}},"description":"`spacelift_context_attachment` represents a Spacelift attachment of a single context to a single stack or module, with a predefined priority.","description_kind":"plain"}},"spacelift_contexts":{"version":0,"block":{"attributes":{"contexts":{"type":["list",["object",{"context_id":"string","description":"string","labels":["set","string"],"name":"string","space_id":"string"}]],"description_kind":"plain","computed":true},"id":{"type":"string","description_kind":"plain","optional":true,"computed":true}},"block_types":{"labels":{"nesting_mode":"list","block":{"attributes":{"any_of":{"type":["list","string"],"description_kind":"plain","required":true}},"description":"Require contexts to have one of the labels","description_kind":"plain"}}},"description":"`spacelift_contexts` represents all the contexts in the Spacelift account visible to the API user.","description_kind":"plain"}},"spacelift_current_space":{"version":0,"block":{"attributes":{"description":{"type":"string","description":"free-form space description for users","description_kind":"plain","computed":true},"id":{"type":"string","description_kind":"plain","optional":true,"computed":true},"inherit_entities":{"type":"bool","description":"indication whether access to this space inherits read access to entities from the parent space","description_kind":"plain","computed":true},"labels":{"type":["set","string"],"description":"list of labels describing a space","description_kind":"plain","computed":true},"name":{"type":"string","description":"name of the space","description_kind":"plain","computed":true},"parent_space_id":{"type":"string","description":"immutable ID (slug) of parent space","description_kind":"plain","computed":true}},"description":"`spacelift_current_space` is a data source that provides information about the space that an administrative stack is in if the run is executed within Spacelift by a stack or module. This  makes it easier to create resources within the same space.","description_kind":"plain"}},"spacelift_current_stack":{"version":0,"block":{"attributes":{"id":{"type":"string","description_kind":"plain","optional":true,"computed":true}},"description":"`spacelift_current_stack` is a data source that provides information about the current administrative stack if the run is executed within Spacelift by a stack or module. This allows clever tricks like attaching contexts or policies to the stack that manages them.","description_kind":"plain"}},"spacelift_drift_detection":{"version":0,"block":{"attributes":{"id":{"type":"string","description_kind":"plain","optional":true,"computed":true},"ignore_state":{"type":"bool","description":"Controls whether drift detection should be performed on a stack in any final state instead of just 'Finished'.","description_kind":"plain","optional":true},"reconcile":{"type":"bool","description":"Whether a tracked run should be triggered when drift is detected.","description_kind":"plain","computed":true},"schedule":{"type":["list","string"],"description":"List of cron schedule expressions based on which drift detection should be triggered.","description_kind":"plain","computed":true},"stack_id":{"type":"string","description":"ID of the stack for which to set up drift detection","description_kind":"plain","required":true},"timezone":{"type":"string","description":"Timezone in which the schedule is expressed","description_kind":"plain","computed":true}},"description":"`spacelift_drift_detection` represents a Drift Detection configuration for a Stack. It will trigger a proposed run on the given schedule, which you can listen for using run state webhooks. If reconcile is true, then a tracked run will be triggered when drift is detected.","description_kind":"plain"}},"spacelift_environment_variable":{"version":0,"block":{"attributes":{"checksum":{"type":"string","description":"SHA-256 checksum of the value","description_kind":"plain","computed":true},"context_id":{"type":"string","description":"ID of the context on which the environment variable is defined","description_kind":"plain","optional":true},"description":{"type":"string","description":"Description of the environment variable","description_kind":"plain","computed":true},"id":{"type":"string","description_kind":"plain","optional":true,"computed":true},"module_id":{"type":"string","description":"ID of the module on which the environment variable is defined","description_kind":"plain","optional":true},"name":{"type":"string","description":"name of the environment variable","description_kind":"plain","required":true},"stack_id":{"type":"string","description":"ID of the stack on which the environment variable is defined","description_kind":"plain","optional":true},"value":{"type":"string","description":"value of the environment variable","description_kind":"plain","computed":true,"sensitive":true},"write_only":{"type":"bool","description":"indicates whether the value can be read back outside a Run","description_kind":"plain","computed":true}},"description":"`spacelift_environment_variable` defines an environment variable on the context (`spacelift_context`), stack (`spacelift_stack`) or a module (`spacelift_module`), thereby allowing to pass and share various secrets and configuration with Spacelift stacks.","description_kind":"plain"}},"spacelift_gcp_service_account":{"version":0,"block":{"attributes":{"id":{"type":"string","description_kind":"plain","optional":true,"computed":true},"module_id":{"type":"string","description":"ID of the stack which uses GCP service account credentials","description_kind":"plain","optional":true},"service_account_email":{"type":"string","description":"email address of the GCP service account dedicated for this stack","description_kind":"plain","computed":true},"stack_id":{"type":"string","description":"ID of the stack which uses GCP service account credentials","description_kind":"plain","optional":true},"token_scopes":{"type":["set","string"],"description":"list of Google API scopes","description_kind":"plain","computed":true}},"description":"`spacelift_gcp_service_account` represents a Google Cloud Platform service account that's linked to a particular Stack or Module. These accounts are created by Spacelift on per-stack basis, and can be added as members to as many organizations and projects as needed. During a Run or a Task, temporary credentials for those service accounts are injected into the environment, which allows credential-less GCP Terraform provider setup.","description_kind":"plain"}},"spacelift_github_enterprise_integration":{"version":0,"block":{"attributes":{"api_host":{"type":"string","description":"Github integration api host","description_kind":"plain","computed":true},"app_id":{"type":"string","description":"Github integration app id","description_kind":"plain","computed":true},"description":{"type":"string","description":"Github integration description","description_kind":"plain","computed":true},"id":{"type":"string","description":"Github integration id. If not provided, the default integration will be returned","description_kind":"plain","optional":true},"is_default":{"type":"bool","description":"Github integration is default","description_kind":"plain","computed":true},"labels":{"type":["list","string"],"description":"Github integration labels","description_kind":"plain","computed":true},"name":{"type":"string","description":"Github integration name","description_kind":"plain","computed":true},"space_id":{"type":"string","description":"Github integration space id","description_kind":"plain","computed":true},"vcs_checks":{"type":"string","description":"VCS checks configured for Github repositories. Possible values: INDIVIDUAL, AGGREGATED, ALL. Defaults to INDIVIDUAL.","description_kind":"plain","computed":true},"webhook_secret":{"type":"string","description":"Github integration webhook secret","description_kind":"plain","computed":true},"webhook_url":{"type":"string","description":"Github integration webhook url","description_kind":"plain","computed":true}},"description":"`spacelift_github_enterprise_integration` returns details about Github Enterprise integration","description_kind":"plain"}},"spacelift_gitlab_integration":{"version":0,"block":{"attributes":{"api_host":{"type":"string","description":"Gitlab integration api host","description_kind":"plain","computed":true},"description":{"type":"string","description":"Gitlab integration description","description_kind":"plain","computed":true},"id":{"type":"string","description":"Gitlab integration id. If not provided, the default integration will be returned","description_kind":"plain","optional":true},"is_default":{"type":"bool","description":"Gitlab integration is default","description_kind":"plain","computed":true},"labels":{"type":["list","string"],"description":"Gitlab integration labels","description_kind":"plain","computed":true},"name":{"type":"string","description":"Gitlab integration name","description_kind":"plain","computed":true},"space_id":{"type":"string","description":"Gitlab integration space id","description_kind":"plain","computed":true},"vcs_checks":{"type":"string","description":"VCS checks configured for GitLab repositories. Possible values: INDIVIDUAL, AGGREGATED, ALL. Defaults to INDIVIDUAL.","description_kind":"plain","computed":true},"webhook_secret":{"type":"string","description":"Gitlab integration webhook secret","description_kind":"plain","computed":true},"webhook_url":{"type":"string","description":"Gitlab integration webhook url","description_kind":"plain","computed":true}},"description":"`spacelift_gitlab_integration` returns details about Gitlab integration","description_kind":"plain"}},"spacelift_gitlab_webhook_endpoint":{"version":0,"block":{"attributes":{"id":{"type":"string","description_kind":"plain","optional":true,"computed":true},"webhook_endpoint":{"type":"string","description":"Gitlab webhook endpoint address","description_kind":"plain","computed":true}},"description":"`spacelift_gitlab_webhook_endpoint` returns details about Gitlab webhook endpoint","description_kind":"plain"}},"spacelift_ips":{"version":0,"block":{"attributes":{"cidrs":{"type":["list","string"],"description":"list of Spacelift IP addresses in CIDR notation (/32) for easy use in security group rules","description_kind":"plain","computed":true},"id":{"type":"string","description_kind":"plain","optional":true,"computed":true},"ips":{"type":["set","string"],"description":"the list of spacelift.io outgoing IP addresses","description_kind":"plain","computed":true}},"description":"`spacelift_ips` returns the list of Spacelift's outgoing IP addresses, which you can use to whitelist connections coming from the Spacelift's \"mothership\". **NOTE:** this does not include the IP addresses of the workers in Spacelift's public worker pool. If you need to ensure that requests made during runs originate from a known set of IP addresses, please consider setting up a [private worker pool](https://docs.spacelift.io/concepts/worker-pools).","description_kind":"plain"}},"spacelift_module":{"version":0,"block":{"attributes":{"administrative":{"type":"bool","description":"indicates whether this module can administer others","description_kind":"plain","computed":true},"aws_assume_role_policy_statement":{"type":"string","description":"AWS IAM assume role policy statement setting up trust relationship","description_kind":"plain","computed":true},"azure_devops":{"type":["list",["object",{"id":"string","is_default":"bool","project":"string"}]],"description":"Azure DevOps VCS settings","description_kind":"plain","computed":true},"bitbucket_cloud":{"type":["list",["object",{"id":"string","is_default":"bool","namespace":"string"}]],"description":"Bitbucket Cloud VCS settings","description_kind":"plain","computed":true},"bitbucket_datacenter":{"type":["list",["object",{"id":"string","is_default":"bool","namespace":"string"}]],"description":"Bitbucket Datacenter VCS settings","description_kind":"plain","computed":true},"branch":{"type":"string","description":"GitHub branch to apply changes to","description_kind":"plain","computed":true},"description":{"type":"string","description":"free-form module description for human users (supports Markdown)","description_kind":"plain","computed":true},"enable_local_preview":{"type":"bool","description":"Indicates whether local preview versions can be triggered on this Module.","description_kind":"plain","computed":true},"github_enterprise":{"type":["list",["object",{"id":"string","is_default":"bool","namespace":"string"}]],"description":"GitHub Enterprise (self-hosted) VCS settings","description_kind":"plain","computed":true},"gitlab":{"type":["list",["object",{"id":"string","is_default":"bool","namespace":"string"}]],"description":"GitLab VCS settings","description_kind":"plain","computed":true},"id":{"type":"string","description_kind":"plain","optional":true,"computed":true},"labels":{"type":["set","string"],"description_kind":"plain","computed":true},"module_id":{"type":"string","description":"ID (slug) of the module","description_kind":"plain","required":true},"name":{"type":"string","description":"The module name will by default be inferred from the repository name if it follows the terraform-provider-name naming convention. However, if the repository doesn't follow this convention, or you want to give it a custom name, you can provide it here.","description_kind":"plain","computed":true},"project_root":{"type":"string","description":"Project root is the optional directory relative to the repository root containing the module source code.","description_kind":"plain","computed":true},"protect_from_deletion":{"type":"bool","description":"Protect this module from accidental deletion. If set, attempts to delete this module will fail.","description_kind":"plain","computed":true},"raw_git":{"type":["list",["object",{"namespace":"string","url":"string"}]],"description":"One-way VCS integration using a raw Git repository link","description_kind":"plain","computed":true},"repository":{"type":"string","description":"Name of the repository, without the owner part","description_kind":"plain","computed":true},"shared_accounts":{"type":["set","string"],"description":"List of the accounts (subdomains) which should have access to the Module","description_kind":"plain","computed":true},"space_id":{"type":"string","description":"ID (slug) of the space the module is in","description_kind":"plain","computed":true},"terraform_provider":{"type":"string","description":"The module provider will by default be inferred from the repository name if it follows the terraform-provider-name naming convention. However, if the repository doesn't follow this convention, or you gave the module a custom name, you can provide the provider name here.","description_kind":"plain","computed":true},"worker_pool_id":{"type":"string","description":"ID of the worker pool to use","description_kind":"plain","computed":true},"workflow_tool":{"type":"string","description":"Defines the tool that will be used to execute the workflow. This can be one of `OPEN_TOFU`, `TERRAFORM_FOSS` or `CUSTOM`.","description_kind":"plain","computed":true}},"description":"`spacelift_module` is a special type of a stack used to test and version Terraform modules.","description_kind":"plain"}},"spacelift_mounted_file":{"version":0,"block":{"attributes":{"checksum":{"type":"string","description":"SHA-256 checksum of the value","description_kind":"plain","computed":true},"content":{"type":"string","description":"content of the mounted file encoded using Base-64","description_kind":"plain","computed":true,"sensitive":true},"context_id":{"type":"string","description":"ID of the context where the mounted file is stored","description_kind":"plain","optional":true},"id":{"type":"string","description_kind":"plain","optional":true,"computed":true},"module_id":{"type":"string","description":"ID of the module where the mounted file is stored","description_kind":"plain","optional":true},"relative_path":{"type":"string","description":"relative path to the mounted file","description_kind":"plain","required":true},"stack_id":{"type":"string","description":"ID of the stack where the mounted file is stored","description_kind":"plain","optional":true},"write_only":{"type":"bool","description":"indicates whether the value can be read back outside a Run","description_kind":"plain","computed":true}},"description":"`spacelift_mounted_file` represents a file mounted in each Run's workspace that is part of a configuration of a context (`spacelift_context`), stack (`spacelift_stack`) or a module (`spacelift_module`). In principle, it's very similar to an environment variable (`spacelift_environment_variable`) except that the value is written to the filesystem rather than passed to the environment.","description_kind":"plain"}},"spacelift_named_webhook":{"version":0,"block":{"attributes":{"enabled":{"type":"bool","description":"enables or disables sending webhooks.","description_kind":"plain","computed":true},"endpoint":{"type":"string","description":"endpoint to send the requests to","description_kind":"plain","computed":true},"id":{"type":"string","description_kind":"plain","optional":true,"computed":true},"labels":{"type":["set","string"],"description":"labels for the webhook to use when referring in policies or filtering them","description_kind":"plain","computed":true},"name":{"type":"string","description":"the name for the webhook which will also be used to generate the id","description_kind":"plain","computed":true},"secret_header_keys":{"type":["set","string"],"description":"secret header keys which are currently set for this webhook","description_kind":"plain","computed":true},"space_id":{"type":"string","description":"ID of the space the webhook is in","description_kind":"plain","computed":true},"webhook_id":{"type":"string","description":"ID of the webhook","description_kind":"plain","required":true}},"description":"`spacelift_named_webhook` represents a named webhook endpoint used for creating webhookswhich are referred to in Notification policies to route messages.","description_kind":"plain"}},"spacelift_policies":{"version":0,"block":{"attributes":{"id":{"type":"string","description_kind":"plain","optional":true,"computed":true},"labels":{"type":["set","string"],"description":"required labels to match","description_kind":"plain","optional":true},"policies":{"type":["list",["object",{"description":"string","id":"string","labels":["set","string"],"name":"string","space_id":"string","type":"string"}]],"description_kind":"plain","computed":true},"type":{"type":"string","description":"required policy type","description_kind":"plain","optional":true}},"description":"`spacelift_policies` can find all policies that have certain labels.","description_kind":"plain"}},"spacelift_policy":{"version":0,"block":{"attributes":{"body":{"type":"string","description":"body of the policy","description_kind":"plain","computed":true},"description":{"type":"string","description":"description of the policy","description_kind":"plain","computed":true},"id":{"type":"string","description_kind":"plain","optional":true,"computed":true},"labels":{"type":["set","string"],"description_kind":"plain","computed":true},"name":{"type":"string","description":"name of the policy","description_kind":"plain","computed":true},"policy_id":{"type":"string","description":"immutable ID (slug) of the policy","description_kind":"plain","required":true},"space_id":{"type":"string","description":"ID (slug) of the space the policy is in","description_kind":"plain","computed":true},"type":{"type":"string","description":"type of the policy","description_kind":"plain","computed":true}},"description":"`spacelift_policy` represents a Spacelift **policy** - a collection of customer-defined rules that are applied by Spacelift at one of the decision points within the application.","description_kind":"plain"}},"spacelift_saved_filter":{"version":0,"block":{"attributes":{"created_by":{"type":"string","description":"Login of the user who created the saved filter","description_kind":"plain","computed":true},"data":{"type":"string","description":"Data is the JSON representation of the filter data","description_kind":"plain","computed":true},"filter_id":{"type":"string","description":" immutable ID (slug) of the filter","description_kind":"plain","required":true},"id":{"type":"string","description":"Globally unique ID of the saved filter","description_kind":"plain","computed":true},"is_public":{"type":"bool","description":"Toggle whether the filter is public or not","description_kind":"plain","computed":true},"name":{"type":"string","description":"Name of the filter","description_kind":"plain","computed":true},"type":{"type":"string","description":"Type describes the type of the filter. It is used to determine which view the filter is for","description_kind":"plain","computed":true}},"description":"`spacelift_saved_filter` represents a Spacelift saved filter.","description_kind":"plain"}},"spacelift_saved_filters":{"version":0,"block":{"attributes":{"filter_name":{"type":"string","description":"filter name to look for","description_kind":"plain","optional":true},"filter_type":{"type":"string","description":"filter type to look for","description_kind":"plain","optional":true},"filters":{"type":["list",["object",{"created_by":"string","data":"string","id":"string","is_public":"bool","name":"string","type":"string"}]],"description_kind":"plain","computed":true},"id":{"type":"string","description_kind":"plain","optional":true,"computed":true}},"description":"`spacelift_saved_filters` can find all saved filters that have certain type or name","description_kind":"plain"}},"spacelift_scheduled_delete_stack":{"version":0,"block":{"attributes":{"at":{"type":"number","description":"Timestamp (unix timestamp) at which time the scheduling should happen.","description_kind":"plain","computed":true},"delete_resources":{"type":"bool","description":"Indicates whether the resources of the stack should be deleted.","description_kind":"plain","computed":true},"id":{"type":"string","description_kind":"plain","optional":true,"computed":true},"schedule_id":{"type":"string","description":"ID of the schedule","description_kind":"plain","computed":true},"scheduled_delete_stack_id":{"type":"string","description":"ID of the scheduled delete_stack (stack_id/schedule_id)","description_kind":"plain","required":true},"stack_id":{"type":"string","description":"Stack ID of the scheduling config","description_kind":"plain","computed":true}},"description":"`spacelift_scheduled_delete_stack` represents a scheduling configuration for a Stack. It will trigger a stack deletion task at the given timestamp.","description_kind":"plain"}},"spacelift_scheduled_run":{"version":0,"block":{"attributes":{"at":{"type":"number","description":"Timestamp (unix timestamp) at which time the scheduled run should happen.","description_kind":"plain","optional":true,"computed":true},"every":{"type":["list","string"],"description":"List of cron schedule expressions based on which the scheduled run should be triggered.","description_kind":"plain","optional":true,"computed":true},"id":{"type":"string","description_kind":"plain","optional":true,"computed":true},"name":{"type":"string","description":"Name of the scheduled run","description_kind":"plain","optional":true,"computed":true},"next_schedule":{"type":"number","description":"Timestamp (unix timestamp) of when the next run will be scheduled.","description_kind":"plain","computed":true},"schedule_id":{"type":"string","description":"ID of the schedule","description_kind":"plain","computed":true},"scheduled_run_id":{"type":"string","description":"ID of the scheduled run (stack_id/schedule_id)","description_kind":"plain","required":true},"stack_id":{"type":"string","description":"Stack ID of the scheduling config","description_kind":"plain","computed":true},"timezone":{"type":"string","description":"Timezone in which the schedule is expressed. Defaults to `UTC`.","description_kind":"plain","optional":true,"computed":true}},"block_types":{"runtime_config":{"nesting_mode":"list","block":{"attributes":{"after_apply":{"type":["list","string"],"description":"List of after-apply scripts","description_kind":"plain","optional":true,"computed":true},"after_destroy":{"type":["list","string"],"description":"List of after-destroy scripts","description_kind":"plain","optional":true,"computed":true},"after_init":{"type":["list","string"],"description":"List of after-init scripts","description_kind":"plain","optional":true,"computed":true},"after_perform":{"type":["list","string"],"description":"List of after-perform scripts","description_kind":"plain","optional":true,"computed":true},"after_plan":{"type":["list","string"],"description":"List of after-plan scripts","description_kind":"plain","optional":true,"computed":true},"after_run":{"type":["list","string"],"description":"List of after-run scripts","description_kind":"plain","optional":true,"computed":true},"before_apply":{"type":["list","string"],"description":"List of before-apply scripts","description_kind":"plain","optional":true,"computed":true},"before_destroy":{"type":["list","string"],"description":"List of before-destroy scripts","description_kind":"plain","optional":true,"computed":true},"before_init":{"type":["list","string"],"description":"List of before-init scripts","description_kind":"plain","optional":true,"computed":true},"before_perform":{"type":["list","string"],"description":"List of before-perform scripts","description_kind":"plain","optional":true,"computed":true},"before_plan":{"type":["list","string"],"description":"List of before-plan scripts","description_kind":"plain","optional":true,"computed":true},"project_root":{"type":"string","description":"Project root is the optional directory relative to the workspace root containing the entrypoint to the Stack.","description_kind":"plain","optional":true,"computed":true},"runner_image":{"type":"string","description":"Name of the Docker image used to process Runs","description_kind":"plain","optional":true,"computed":true},"terraform_version":{"type":"string","description":"Terraform version to use","description_kind":"plain","computed":true},"terraform_workflow_tool":{"type":"string","description":"Defines the tool that will be used to execute the workflow. This can be one of `OPEN_TOFU`, `TERRAFORM_FOSS` or `CUSTOM`. Defaults to `TERRAFORM_FOSS`.","description_kind":"plain","computed":true}},"block_types":{"environment":{"nesting_mode":"set","block":{"attributes":{"key":{"type":"string","description":"Environment variable key","description_kind":"plain","computed":true},"value":{"type":"string","description":"Environment variable value","description_kind":"plain","computed":true}},"description":"Environment variables for the run","description_kind":"plain"}}},"description":"Customer provided runtime configuration for this scheduled run.","description_kind":"plain"}}},"description":"`spacelift_scheduled_run` represents a scheduling configuration for a Stack. It will trigger a run on the given timestamp/schedule.","description_kind":"plain"}},"spacelift_scheduled_task":{"version":0,"block":{"attributes":{"at":{"type":"number","description":"Timestamp (unix timestamp) at which time the scheduling should happen.","description_kind":"plain","computed":true},"command":{"type":"string","description":"Command that will be run.","description_kind":"plain","computed":true},"every":{"type":["list","string"],"description":"List of cron schedule expressions based on which the scheduled task should be triggered.","description_kind":"plain","computed":true},"id":{"type":"string","description_kind":"plain","optional":true,"computed":true},"schedule_id":{"type":"string","description":"ID of the schedule","description_kind":"plain","computed":true},"scheduled_task_id":{"type":"string","description":"ID of the scheduled task (stack_id/schedule_id)","description_kind":"plain","required":true},"stack_id":{"type":"string","description":"Stack ID of the scheduled task","description_kind":"plain","computed":true},"timezone":{"type":"string","description":"Timezone in which the schedule is expressed. Defaults to `UTC`.","description_kind":"plain","computed":true}},"description":"`spacelift_scheduled_task` represents a scheduling configuration for a Stack. It will trigger a task on the given timestamp/schedule.","description_kind":"plain"}},"spacelift_space":{"version":0,"block":{"attributes":{"description":{"type":"string","description":"free-form space description for users","description_kind":"plain","computed":true},"id":{"type":"string","description_kind":"plain","optional":true,"computed":true},"inherit_entities":{"type":"bool","description":"indication whether access to this space inherits read access to entities from the parent space","description_kind":"plain","computed":true},"labels":{"type":["set","string"],"description":"list of labels describing a space","description_kind":"plain","computed":true},"name":{"type":"string","description":"name of the space","description_kind":"plain","computed":true},"parent_space_id":{"type":"string","description":"immutable ID (slug) of parent space","description_kind":"plain","computed":true},"space_id":{"type":"string","description":"immutable ID (slug) of the space","description_kind":"plain","required":true}},"description":"`spacelift_space` represents a Spacelift **space** - a collection of resources such as stacks, modules, policies, etc. Allows for more granular access control. Can have a parent space.","description_kind":"plain"}},"spacelift_space_by_path":{"version":0,"block":{"attributes":{"description":{"type":"string","description":"free-form space description for users","description_kind":"plain","computed":true},"id":{"type":"string","description_kind":"plain","optional":true,"computed":true},"inherit_entities":{"type":"bool","description":"indication whether access to this space inherits read access to entities from the parent space","description_kind":"plain","computed":true},"labels":{"type":["set","string"],"description":"list of labels describing a space","description_kind":"plain","computed":true},"name":{"type":"string","description":"name of the space","description_kind":"plain","computed":true},"parent_space_id":{"type":"string","description":"immutable ID (slug) of parent space","description_kind":"plain","computed":true},"space_path":{"type":"string","description":"path to the space - a series of space names separated by `/`","description_kind":"plain","required":true}},"description":"`spacelift_space_by_path` represents a Spacelift **space** - a collection of resources such as stacks, modules, policies, etc. Allows for more granular access control. Can have a parent space. In contrary to `spacelift_space`, this resource is identified by a path, not by an ID. For this data source to work, path must be unique. If there are multiple spaces with the same path, this datasource will fail. \nThis data source can be used either with absolute paths (starting with root) or relative paths. When using a relative path, the path is relative to the current run's space. \n**Disclaimer:** \nThis datasource can only be used in a stack that resides in a space with inheritance enabled. In addition, the parent spaces (excluding root) must also have inheritance enabled.","description_kind":"plain"}},"spacelift_spaces":{"version":0,"block":{"attributes":{"id":{"type":"string","description_kind":"plain","optional":true,"computed":true},"spaces":{"type":["list",["object",{"description":"string","inherit_entities":"bool","labels":["set","string"],"name":"string","parent_space_id":"string","space_id":"string"}]],"description_kind":"plain","computed":true}},"description":"`spacelift_spaces` can find all spaces in the spacelift organization.","description_kind":"plain"}},"spacelift_stack":{"version":1,"block":{"attributes":{"additional_project_globs":{"type":["set","string"],"description":"Project globs is an optional list of paths to track changes of in addition to the project root.","description_kind":"plain","optional":true},"administrative":{"type":"bool","description":"indicates whether this stack can administer others","description_kind":"plain","computed":true},"after_apply":{"type":["list","string"],"description":"List of after-apply scripts","description_kind":"plain","optional":true,"computed":true},"after_destroy":{"type":["list","string"],"description":"List of after-destroy scripts","description_kind":"plain","optional":true,"computed":true},"after_init":{"type":["list","string"],"description":"List of after-init scripts","description_kind":"plain","optional":true,"computed":true},"after_perform":{"type":["list","string"],"description":"List of after-perform scripts","description_kind":"plain","optional":true,"computed":true},"after_plan":{"type":["list","string"],"description":"List of after-plan scripts","description_kind":"plain","optional":true,"computed":true},"after_run":{"type":["list","string"],"description":"List of after-run scripts","description_kind":"plain","optional":true},"ansible":{"type":["list",["object",{"playbook":"string"}]],"description":"Ansible-specific configuration. Presence means this Stack is an Ansible Stack.","description_kind":"plain","computed":true},"autodeploy":{"type":"bool","description":"indicates whether changes to this stack can be automatically deployed","description_kind":"plain","computed":true},"autoretry":{"type":"bool","description":"indicates whether obsolete proposed changes should automatically be retried","description_kind":"plain","computed":true},"aws_assume_role_policy_statement":{"type":"string","description":"AWS IAM assume role policy statement setting up trust relationship","description_kind":"plain","computed":true},"azure_devops":{"type":["list",["object",{"id":"string","is_default":"bool","project":"string"}]],"description":"Azure DevOps VCS settings","description_kind":"plain","computed":true},"before_apply":{"type":["list","string"],"description":"List of before-apply scripts","description_kind":"plain","optional":true,"computed":true},"before_destroy":{"type":["list","string"],"description":"List of before-destroy scripts","description_kind":"plain","optional":true,"computed":true},"before_init":{"type":["list","string"],"description":"List of before-init scripts","description_kind":"plain","optional":true,"computed":true},"before_perform":{"type":["list","string"],"description":"List of before-perform scripts","description_kind":"plain","optional":true,"computed":true},"before_plan":{"type":["list","string"],"description":"List of before-plan scripts","description_kind":"plain","optional":true,"computed":true},"bitbucket_cloud":{"type":["list",["object",{"id":"string","is_default":"bool","namespace":"string"}]],"description":"Bitbucket Cloud VCS settings","description_kind":"plain","computed":true},"bitbucket_datacenter":{"type":["list",["object",{"id":"string","is_default":"bool","namespace":"string"}]],"description":"Bitbucket Datacenter VCS settings","description_kind":"plain","computed":true},"branch":{"type":"string","description":"Repository branch to treat as the default 'main' branch","description_kind":"plain","computed":true},"cloudformation":{"type":["list",["object",{"entry_template_file":"string","region":"string","stack_name":"string","template_bucket":"string"}]],"description":"CloudFormation-specific configuration. Presence means this Stack is a CloudFormation Stack.","description_kind":"plain","computed":true},"description":{"type":"string","description":"free-form stack description for users","description_kind":"plain","computed":true},"enable_local_preview":{"type":"bool","description":"Indicates whether local preview runs can be triggered on this Stack.","description_kind":"plain","computed":true},"enable_sensitive_outputs_upload":{"type":"bool","description":"Indicates whether sensitive outputs created by this stack can be uploaded to Spacelift to be used by Stack Dependency references. Triggered only when corresponding option is enabled on the Worker Pool used by the Stack as well. Defaults to `true`.","description_kind":"plain","computed":true},"enable_well_known_secret_masking":{"type":"bool","description":"Indicates whether well-known secret masking is enabled.","description_kind":"plain","computed":true},"github_enterprise":{"type":["list",["object",{"id":"string","is_default":"bool","namespace":"string"}]],"description":"GitHub Enterprise (self-hosted) VCS settings","description_kind":"plain","computed":true},"gitlab":{"type":["list",["object",{"id":"string","is_default":"bool","namespace":"string"}]],"description":"GitLab VCS settings","description_kind":"plain","computed":true},"id":{"type":"string","description_kind":"plain","optional":true,"computed":true},"kubernetes":{"type":["list",["object",{"kubectl_version":"string","kubernetes_workflow_tool":"string","namespace":"string"}]],"description":"Kubernetes-specific configuration. Presence means this Stack is a Kubernetes Stack.","description_kind":"plain","computed":true},"labels":{"type":["set","string"],"description_kind":"plain","computed":true},"manage_state":{"type":"bool","description":"Determines if Spacelift should manage state for this stack","description_kind":"plain","computed":true},"name":{"type":"string","description":"Name of the stack - should be unique in one account","description_kind":"plain","computed":true},"project_root":{"type":"string","description":"Project root is the optional directory relative to the workspace root containing the entrypoint to the Stack.","description_kind":"plain","computed":true},"protect_from_deletion":{"type":"bool","description":"Protect this stack from accidental deletion. If set, attempts to delete this stack will fail.","description_kind":"plain","computed":true},"pulumi":{"type":["list",["object",{"login_url":"string","stack_name":"string"}]],"description":"Pulumi-specific configuration. Presence means this Stack is a Pulumi Stack.","description_kind":"plain","computed":true},"raw_git":{"type":["list",["object",{"namespace":"string","url":"string"}]],"description":"One-way VCS integration using a raw Git repository link","description_kind":"plain","computed":true},"repository":{"type":"string","description":"Name of the repository, without the owner part","description_kind":"plain","computed":true},"runner_image":{"type":"string","description":"Name of the Docker image used to process Runs","description_kind":"plain","computed":true},"showcase":{"type":["list",["object",{"namespace":"string"}]],"description":"Showcase-related attributes","description_kind":"plain","computed":true},"space_id":{"type":"string","description":"ID (slug) of the space the stack is in","description_kind":"plain","computed":true},"stack_id":{"type":"string","description":"ID (slug) of the stack","description_kind":"plain","required":true},"terraform_external_state_access":{"type":"bool","description":"Indicates whether you can access the Stack state file from other stacks or outside of Spacelift.","description_kind":"plain","computed":true},"terraform_smart_sanitization":{"type":"bool","description":"Indicates whether runs on this will use terraform's sensitive value system to sanitize the outputs of Terraform state and plans in spacelift instead of sanitizing all fields.","description_kind":"plain","computed":true},"terraform_version":{"type":"string","description":"Terraform version to use","description_kind":"plain","computed":true},"terraform_workflow_tool":{"type":"string","description":"Defines the tool that will be used to execute the workflow. This can be one of `OPEN_TOFU`, `TERRAFORM_FOSS` or `CUSTOM`.","description_kind":"plain","computed":true},"terraform_workspace":{"type":"string","description":"Terraform workspace to select","description_kind":"plain","computed":true},"terragrunt":{"type":["list",["object",{"terraform_version":"string","terragrunt_version":"string","tool":"string","use_run_all":"bool","use_smart_sanitization":"bool"}]],"description":"Terragrunt-specific configuration. Presence means this Stack is a Terragrunt Stack.","description_kind":"plain","computed":true},"worker_pool_id":{"type":"string","description":"ID of the worker pool to use","description_kind":"plain","computed":true}},"description":"`spacelift_stack` combines source code and configuration to create a runtime environment where resources are managed. In this way it's similar to a stack in AWS CloudFormation, or a project on generic CI/CD platforms.","description_kind":"plain"}},"spacelift_stack_aws_role":{"version":0,"block":{"attributes":{"duration_seconds":{"type":"number","description":"AWS IAM role session duration in seconds","description_kind":"plain","computed":true},"external_id":{"type":"string","description":"Custom external ID (works only for private workers).","description_kind":"plain","computed":true},"generate_credentials_in_worker":{"type":"bool","description":"Generate AWS credentials in the private worker","description_kind":"plain","computed":true},"id":{"type":"string","description_kind":"plain","optional":true,"computed":true},"module_id":{"type":"string","description":"ID of the module which assumes the AWS IAM role","description_kind":"plain","optional":true},"region":{"type":"string","description":"AWS region to select a regional AWS STS endpoint.","description_kind":"plain","computed":true},"role_arn":{"type":"string","description":"ARN of the AWS IAM role to attach","description_kind":"plain","computed":true},"stack_id":{"type":"string","description":"ID of the stack which assumes the AWS IAM role","description_kind":"plain","optional":true}},"description":"~\u003e **Note:** `spacelift_stack_aws_role` is deprecated. Please use `spacelift_aws_role` instead. The functionality is identical.\n\n`spacelift_stack_aws_role` represents [cross-account IAM role delegation](https://docs.aws.amazon.com/IAM/latest/UserGuide/tutorial_cross-account-with-roles.html) between the Spacelift worker and an individual stack or module. If this is set, Spacelift will use AWS STS to assume the supplied IAM role and put its temporary credentials in the runtime environment.\n\nIf you use private workers, you can also assume IAM role on the worker side using your own AWS credentials (e.g. from EC2 instance profile).\n\nNote: when assuming credentials for **shared worker**, Spacelift will use `$accountName@$stackID` or `$accountName@$moduleID` as [external ID](https://docs.aws.amazon.com/IAM/latest/UserGuide/id_roles_create_for-user_externalid.html) and `$runID@$stackID@$accountName` truncated to 64 characters as [session ID](https://docs.aws.amazon.com/STS/latest/APIReference/API_AssumeRole).","description_kind":"plain"}},"spacelift_stack_gcp_service_account":{"version":0,"block":{"attributes":{"id":{"type":"string","description_kind":"plain","optional":true,"computed":true},"module_id":{"type":"string","description":"ID of the stack which uses GCP service account credentials","description_kind":"plain","optional":true},"service_account_email":{"type":"string","description":"email address of the GCP service account dedicated for this stack","description_kind":"plain","computed":true},"stack_id":{"type":"string","description":"ID of the stack which uses GCP service account credentials","description_kind":"plain","optional":true},"token_scopes":{"type":["set","string"],"description":"list of Google API scopes","description_kind":"plain","computed":true}},"description":"~\u003e **Note:** `spacelift_stack_gcp_service_account` is deprecated. Please use `spacelift_gcp_service_account` instead. The functionality is identical.\n\n`spacelift_stack_gcp_service_account` represents a Google Cloud Platform service account that's linked to a particular Stack or Module. These accounts are created by Spacelift on per-stack basis, and can be added as members to as many organizations and projects as needed. During a Run or a Task, temporary credentials for those service accounts are injected into the environment, which allows credential-less GCP Terraform provider setup.","description_kind":"plain"}},"spacelift_stacks":{"version":0,"block":{"attributes":{"id":{"type":"string","description_kind":"plain","optional":true,"computed":true},"stacks":{"type":["list",["object",{"additional_project_globs":["set","string"],"administrative":"bool","after_apply":["list","string"],"after_destroy":["list","string"],"after_init":["list","string"],"after_perform":["list","string"],"after_plan":["list","string"],"after_run":["list","string"],"ansible":["list",["object",{"playbook":"string"}]],"autodeploy":"bool","autoretry":"bool","aws_assume_role_policy_statement":"string","azure_devops":["list",["object",{"id":"string","is_default":"bool","project":"string"}]],"before_apply":["list","string"],"before_destroy":["list","string"],"before_init":["list","string"],"before_perform":["list","string"],"before_plan":["list","string"],"bitbucket_cloud":["list",["object",{"id":"string","is_default":"bool","namespace":"string"}]],"bitbucket_datacenter":["list",["object",{"id":"string","is_default":"bool","namespace":"string"}]],"branch":"string","cloudformation":["list",["object",{"entry_template_file":"string","region":"string","stack_name":"string","template_bucket":"string"}]],"description":"string","enable_local_preview":"bool","enable_sensitive_outputs_upload":"bool","enable_well_known_secret_masking":"bool","github_enterprise":["list",["object",{"id":"string","is_default":"bool","namespace":"string"}]],"gitlab":["list",["object",{"id":"string","is_default":"bool","namespace":"string"}]],"kubernetes":["list",["object",{"kubectl_version":"string","kubernetes_workflow_tool":"string","namespace":"string"}]],"labels":["set","string"],"manage_state":"bool","name":"string","project_root":"string","protect_from_deletion":"bool","pulumi":["list",["object",{"login_url":"string","stack_name":"string"}]],"raw_git":["list",["object",{"namespace":"string","url":"string"}]],"repository":"string","runner_image":"string","showcase":["list",["object",{"namespace":"string"}]],"space_id":"string","stack_id":"string","terraform_external_state_access":"bool","terraform_smart_sanitization":"bool","terraform_version":"string","terraform_workflow_tool":"string","terraform_workspace":"string","terragrunt":["list",["object",{"terraform_version":"string","terragrunt_version":"string","tool":"string","use_run_all":"bool","use_smart_sanitization":"bool"}]],"worker_pool_id":"string"}]],"description":"List of stacks matching the predicates","description_kind":"plain","computed":true}},"block_types":{"administrative":{"nesting_mode":"list","block":{"attributes":{"equals":{"type":"bool","description_kind":"plain","optional":true}},"description":"Require stacks to be administrative or not","description_kind":"plain"},"max_items":1},"branch":{"nesting_mode":"list","block":{"attributes":{"any_of":{"type":["list","string"],"description_kind":"plain","required":true}},"description":"Require stacks to be on one of the branches","description_kind":"plain"},"max_items":1},"commit":{"nesting_mode":"list","block":{"attributes":{"any_of":{"type":["list","string"],"description_kind":"plain","required":true}},"description":"Require stacks to be on one of the commits","description_kind":"plain"},"max_items":1},"labels":{"nesting_mode":"list","block":{"attributes":{"any_of":{"type":["list","string"],"description_kind":"plain","required":true}},"description":"Require stacks to have one of the labels","description_kind":"plain"}},"locked":{"nesting_mode":"list","block":{"attributes":{"equals":{"type":"bool","description_kind":"plain","optional":true}},"description":"Require stacks to be locked","description_kind":"plain"},"max_items":1},"name":{"nesting_mode":"list","block":{"attributes":{"any_of":{"type":["list","string"],"description_kind":"plain","required":true}},"description":"Require stacks to have one of the names","description_kind":"plain"},"max_items":1},"project_root":{"nesting_mode":"list","block":{"attributes":{"any_of":{"type":["list","string"],"description_kind":"plain","required":true}},"description":"Require stacks to be in one of the project roots","description_kind":"plain"},"max_items":1},"repository":{"nesting_mode":"list","block":{"attributes":{"any_of":{"type":["list","string"],"description_kind":"plain","required":true}},"description":"Require stacks to be in one of the repositories","description_kind":"plain"},"max_items":1},"state":{"nesting_mode":"list","block":{"attributes":{"any_of":{"type":["list","string"],"description_kind":"plain","required":true}},"description":"Require stacks to have one of the states","description_kind":"plain"},"max_items":1},"vendor":{"nesting_mode":"list","block":{"attributes":{"any_of":{"type":["list","string"],"description_kind":"plain","required":true}},"description":"Require stacks to use one of the IaC vendors","description_kind":"plain"},"max_items":1},"worker_pool":{"nesting_mode":"list","block":{"attributes":{"any_of":{"type":["list","string"],"description_kind":"plain","required":true}},"description":"Require stacks to use one of the worker pools","description_kind":"plain"},"max_items":1}},"description":"`spacelift_stacks` represents all the stacks in the Spacelift account visible to the API user, matching predicates.","description_kind":"plain"}},"spacelift_tool_versions":{"version":0,"block":{"attributes":{"id":{"type":"string","description_kind":"plain","optional":true,"computed":true},"tool":{"type":"string","description":"The tool to get a list of supported versions for. This can be one of `KUBECTL`, `OPEN_TOFU`, `TERRAFORM_FOSS`, or `TERRAGRUNT`.","description_kind":"plain","required":true},"versions":{"type":["list","string"],"description":"Supported versions of the given tool.","description_kind":"plain","computed":true}},"description":"Lists supported versions for a given tool.","description_kind":"plain"}},"spacelift_vcs_agent_pool":{"version":0,"block":{"attributes":{"description":{"type":"string","description":"Free-form VCS agent pool description for users","description_kind":"plain","computed":true},"id":{"type":"string","description_kind":"plain","optional":true,"computed":true},"name":{"type":"string","description":"Name of the VCS agent pool","description_kind":"plain","computed":true},"vcs_agent_pool_id":{"type":"string","description":"ID of the VCS agent pool to retrieve","description_kind":"plain","required":true}},"description":"`spacelift_vcs_agent_pool` represents a Spacelift **VCS agent pool** - a logical group of proxies allowing Spacelift to access private VCS installations","description_kind":"plain"}},"spacelift_vcs_agent_pools":{"version":0,"block":{"attributes":{"id":{"type":"string","description_kind":"plain","optional":true,"computed":true},"vcs_agent_pools":{"type":["list",["object",{"description":"string","name":"string","vcs_agent_pool_id":"string"}]],"description_kind":"plain","computed":true}},"description":"`spacelift_vcs_agent_pools` represents the VCS agent pools assigned to the Spacelift account.","description_kind":"plain"}},"spacelift_webhook":{"version":0,"block":{"attributes":{"enabled":{"type":"bool","description":"enables or disables sending webhooks","description_kind":"plain","computed":true},"endpoint":{"type":"string","description":"endpoint to send the POST request to","description_kind":"plain","computed":true},"id":{"type":"string","description_kind":"plain","optional":true,"computed":true},"module_id":{"type":"string","description":"ID of the stack which triggers the webhooks","description_kind":"plain","optional":true},"stack_id":{"type":"string","description":"ID of the stack which triggers the webhooks","description_kind":"plain","optional":true},"webhook_id":{"type":"string","description":"ID of the webhook","description_kind":"plain","required":true}},"description":"`spacelift_webhook` represents a webhook endpoint to which Spacelift sends the POST request about run state changes.","description_kind":"plain"}},"spacelift_worker_pool":{"version":0,"block":{"attributes":{"config":{"type":"string","description":"credentials necessary to connect WorkerPool's workers to the control plane","description_kind":"plain","computed":true,"sensitive":true},"description":{"type":"string","description":"description of the worker pool","description_kind":"plain","computed":true},"id":{"type":"string","description_kind":"plain","optional":true,"computed":true},"labels":{"type":["set","string"],"description_kind":"plain","computed":true},"name":{"type":"string","description":"name of the worker pool","description_kind":"plain","computed":true},"space_id":{"type":"string","description":"ID (slug) of the space the worker pool is in","description_kind":"plain","computed":true},"worker_pool_id":{"type":"string","description":"ID of the worker pool","description_kind":"plain","required":true}},"description":"`spacelift_worker_pool` represents a worker pool assigned to the Spacelift account.","description_kind":"plain"}},"spacelift_worker_pools":{"version":0,"block":{"attributes":{"id":{"type":"string","description_kind":"plain","optional":true,"computed":true},"worker_pools":{"type":["list",["object",{"config":"string","description":"string","name":"string","space_id":"string","worker_pool_id":"string"}]],"description_kind":"plain","computed":true}},"description":"`spacelift_worker_pools` represents the worker pools assigned to the Spacelift account.","description_kind":"plain"}}}}}}
